// !$*UTF8*$!
{
	archiveVersion = 1;
	classes = {
	};
	objectVersion = 50;
	objects = {

/* Begin PBXBuildFile section */
		B80721FB244F4990007A9FE0 /* main.c in Sources */ = {isa = PBXBuildFile; fileRef = B80721FA244F4990007A9FE0 /* main.c */; };
		B8416906244DCDCD00162FE0 /* main.c in Sources */ = {isa = PBXBuildFile; fileRef = B8416905244DCDCD00162FE0 /* main.c */; };
		B8A5CCB8244DD70C009114EF /* main.c in Sources */ = {isa = PBXBuildFile; fileRef = B8A5CCB7244DD70C009114EF /* main.c */; };
		B8A5CCC3244DDF4F009114EF /* main.c in Sources */ = {isa = PBXBuildFile; fileRef = B8A5CCC2244DDF4F009114EF /* main.c */; };
		B8A5CCCE244F310E009114EF /* main.c in Sources */ = {isa = PBXBuildFile; fileRef = B8A5CCCD244F310E009114EF /* main.c */; };
		E21025052440078200F77F8F /* main.c in Sources */ = {isa = PBXBuildFile; fileRef = E21025042440078200F77F8F /* main.c */; };
		E27851AE245A9FFD00736D43 /* 顺序表.c in Sources */ = {isa = PBXBuildFile; fileRef = E27851AD245A9FFD00736D43 /* 顺序表.c */; };
		E2DF8FED24407A4500E53DDD /* main.c in Sources */ = {isa = PBXBuildFile; fileRef = E2DF8FEC24407A4500E53DDD /* main.c */; };
		E2DF8FF8244430A200E53DDD /* 单向循环列表.c in Sources */ = {isa = PBXBuildFile; fileRef = E2DF8FF7244430A200E53DDD /* 单向循环列表.c */; };
		E2DF900324445FE000E53DDD /* 双向列表.c in Sources */ = {isa = PBXBuildFile; fileRef = E2DF900224445FE000E53DDD /* 双向列表.c */; };
		E2DF900E2445AE6900E53DDD /* main.c in Sources */ = {isa = PBXBuildFile; fileRef = E2DF900D2445AE6900E53DDD /* main.c */; };
		E2F18F22245AD1460046F448 /* linkStack.c in Sources */ = {isa = PBXBuildFile; fileRef = E2F18F21245AD1460046F448 /* linkStack.c */; };
		E2F18F25245AD15A0046F448 /* linkList.c in Sources */ = {isa = PBXBuildFile; fileRef = E2F18F24245AD15A0046F448 /* linkList.c */; };
		E2F18F28245AD2490046F448 /* seqStack.c in Sources */ = {isa = PBXBuildFile; fileRef = E2F18F27245AD2490046F448 /* seqStack.c */; };
/* End PBXBuildFile section */

/* Begin PBXCopyFilesBuildPhase section */
		B80721F6244F4990007A9FE0 /* CopyFiles */ = {
			isa = PBXCopyFilesBuildPhase;
			buildActionMask = 2147483647;
			dstPath = /usr/share/man/man1/;
			dstSubfolderSpec = 0;
			files = (
			);
			runOnlyForDeploymentPostprocessing = 1;
		};
		B8416901244DCDCD00162FE0 /* CopyFiles */ = {
			isa = PBXCopyFilesBuildPhase;
			buildActionMask = 2147483647;
			dstPath = /usr/share/man/man1/;
			dstSubfolderSpec = 0;
			files = (
			);
			runOnlyForDeploymentPostprocessing = 1;
		};
		B8A5CCB3244DD70C009114EF /* CopyFiles */ = {
			isa = PBXCopyFilesBuildPhase;
			buildActionMask = 2147483647;
			dstPath = /usr/share/man/man1/;
			dstSubfolderSpec = 0;
			files = (
			);
			runOnlyForDeploymentPostprocessing = 1;
		};
		B8A5CCBE244DDF4F009114EF /* CopyFiles */ = {
			isa = PBXCopyFilesBuildPhase;
			buildActionMask = 2147483647;
			dstPath = /usr/share/man/man1/;
			dstSubfolderSpec = 0;
			files = (
			);
			runOnlyForDeploymentPostprocessing = 1;
		};
		B8A5CCC9244F310E009114EF /* CopyFiles */ = {
			isa = PBXCopyFilesBuildPhase;
			buildActionMask = 2147483647;
			dstPath = /usr/share/man/man1/;
			dstSubfolderSpec = 0;
			files = (
			);
			runOnlyForDeploymentPostprocessing = 1;
		};
		E21024FF2440078200F77F8F /* CopyFiles */ = {
			isa = PBXCopyFilesBuildPhase;
			buildActionMask = 2147483647;
			dstPath = /usr/share/man/man1/;
			dstSubfolderSpec = 0;
			files = (
			);
			runOnlyForDeploymentPostprocessing = 1;
		};
		E2DF8FE824407A4500E53DDD /* CopyFiles */ = {
			isa = PBXCopyFilesBuildPhase;
			buildActionMask = 2147483647;
			dstPath = /usr/share/man/man1/;
			dstSubfolderSpec = 0;
			files = (
			);
			runOnlyForDeploymentPostprocessing = 1;
		};
		E2DF8FF3244430A200E53DDD /* CopyFiles */ = {
			isa = PBXCopyFilesBuildPhase;
			buildActionMask = 2147483647;
			dstPath = /usr/share/man/man1/;
			dstSubfolderSpec = 0;
			files = (
			);
			runOnlyForDeploymentPostprocessing = 1;
		};
		E2DF8FFE24445FE000E53DDD /* CopyFiles */ = {
			isa = PBXCopyFilesBuildPhase;
			buildActionMask = 2147483647;
			dstPath = /usr/share/man/man1/;
			dstSubfolderSpec = 0;
			files = (
			);
			runOnlyForDeploymentPostprocessing = 1;
		};
		E2DF90092445AE6900E53DDD /* CopyFiles */ = {
			isa = PBXCopyFilesBuildPhase;
			buildActionMask = 2147483647;
			dstPath = /usr/share/man/man1/;
			dstSubfolderSpec = 0;
			files = (
			);
			runOnlyForDeploymentPostprocessing = 1;
		};
/* End PBXCopyFilesBuildPhase section */

/* Begin PBXFileReference section */
		B80721F8244F4990007A9FE0 /* 栈和队列 */ = {isa = PBXFileReference; explicitFileType = "compiled.mach-o.executable"; includeInIndex = 0; path = "栈和队列"; sourceTree = BUILT_PRODUCTS_DIR; };
		B80721FA244F4990007A9FE0 /* main.c */ = {isa = PBXFileReference; lastKnownFileType = sourcecode.c.c; path = main.c; sourceTree = "<group>"; };
		B8416903244DCDCD00162FE0 /* 去除重复字母 */ = {isa = PBXFileReference; explicitFileType = "compiled.mach-o.executable"; includeInIndex = 0; path = "去除重复字母"; sourceTree = BUILT_PRODUCTS_DIR; };
		B8416905244DCDCD00162FE0 /* main.c */ = {isa = PBXFileReference; lastKnownFileType = sourcecode.c.c; path = main.c; sourceTree = "<group>"; };
		B8A5CCB5244DD70C009114EF /* BF */ = {isa = PBXFileReference; explicitFileType = "compiled.mach-o.executable"; includeInIndex = 0; path = BF; sourceTree = BUILT_PRODUCTS_DIR; };
		B8A5CCB7244DD70C009114EF /* main.c */ = {isa = PBXFileReference; lastKnownFileType = sourcecode.c.c; path = main.c; sourceTree = "<group>"; };
		B8A5CCC0244DDF4F009114EF /* 字符串匹配RK算法 */ = {isa = PBXFileReference; explicitFileType = "compiled.mach-o.executable"; includeInIndex = 0; path = "字符串匹配RK算法"; sourceTree = BUILT_PRODUCTS_DIR; };
		B8A5CCC2244DDF4F009114EF /* main.c */ = {isa = PBXFileReference; lastKnownFileType = sourcecode.c.c; path = main.c; sourceTree = "<group>"; };
		B8A5CCCB244F310E009114EF /* 栈队列习题 */ = {isa = PBXFileReference; explicitFileType = "compiled.mach-o.executable"; includeInIndex = 0; path = "栈队列习题"; sourceTree = BUILT_PRODUCTS_DIR; };
		B8A5CCCD244F310E009114EF /* main.c */ = {isa = PBXFileReference; lastKnownFileType = sourcecode.c.c; path = main.c; sourceTree = "<group>"; };
		E21025012440078200F77F8F /* 顺序表 */ = {isa = PBXFileReference; explicitFileType = "compiled.mach-o.executable"; includeInIndex = 0; path = "顺序表"; sourceTree = BUILT_PRODUCTS_DIR; };
		E21025042440078200F77F8F /* main.c */ = {isa = PBXFileReference; lastKnownFileType = sourcecode.c.c; path = main.c; sourceTree = "<group>"; };
		E27851A8245A826300736D43 /* publicDefine.h */ = {isa = PBXFileReference; lastKnownFileType = sourcecode.c.h; path = publicDefine.h; sourceTree = "<group>"; };
		E27851AC245A9FFD00736D43 /* 顺序表.h */ = {isa = PBXFileReference; lastKnownFileType = sourcecode.c.h; path = "顺序表.h"; sourceTree = "<group>"; };
		E27851AD245A9FFD00736D43 /* 顺序表.c */ = {isa = PBXFileReference; lastKnownFileType = sourcecode.c.c; path = "顺序表.c"; sourceTree = "<group>"; };
		E2DF8FEA24407A4500E53DDD /* 链表 */ = {isa = PBXFileReference; explicitFileType = "compiled.mach-o.executable"; includeInIndex = 0; path = "链表"; sourceTree = BUILT_PRODUCTS_DIR; };
		E2DF8FEC24407A4500E53DDD /* main.c */ = {isa = PBXFileReference; lastKnownFileType = sourcecode.c.c; path = main.c; sourceTree = "<group>"; };
		E2DF8FF5244430A200E53DDD /* 单项循环链表 */ = {isa = PBXFileReference; explicitFileType = "compiled.mach-o.executable"; includeInIndex = 0; path = "单项循环链表"; sourceTree = BUILT_PRODUCTS_DIR; };
		E2DF8FF7244430A200E53DDD /* 单向循环列表.c */ = {isa = PBXFileReference; lastKnownFileType = sourcecode.c.c; path = "单向循环列表.c"; sourceTree = "<group>"; };
		E2DF900024445FE000E53DDD /* 双向链表 */ = {isa = PBXFileReference; explicitFileType = "compiled.mach-o.executable"; includeInIndex = 0; path = "双向链表"; sourceTree = BUILT_PRODUCTS_DIR; };
		E2DF900224445FE000E53DDD /* 双向列表.c */ = {isa = PBXFileReference; lastKnownFileType = sourcecode.c.c; path = "双向列表.c"; sourceTree = "<group>"; };
		E2DF900B2445AE6900E53DDD /* 线性表习题 */ = {isa = PBXFileReference; explicitFileType = "compiled.mach-o.executable"; includeInIndex = 0; path = "线性表习题"; sourceTree = BUILT_PRODUCTS_DIR; };
		E2DF900D2445AE6900E53DDD /* main.c */ = {isa = PBXFileReference; lastKnownFileType = sourcecode.c.c; path = main.c; sourceTree = "<group>"; };
		E2F18F20245AD1460046F448 /* linkStack.h */ = {isa = PBXFileReference; lastKnownFileType = sourcecode.c.h; path = linkStack.h; sourceTree = "<group>"; };
		E2F18F21245AD1460046F448 /* linkStack.c */ = {isa = PBXFileReference; lastKnownFileType = sourcecode.c.c; path = linkStack.c; sourceTree = "<group>"; };
		E2F18F23245AD15A0046F448 /* linkList.h */ = {isa = PBXFileReference; lastKnownFileType = sourcecode.c.h; path = linkList.h; sourceTree = "<group>"; };
		E2F18F24245AD15A0046F448 /* linkList.c */ = {isa = PBXFileReference; lastKnownFileType = sourcecode.c.c; path = linkList.c; sourceTree = "<group>"; };
		E2F18F26245AD2490046F448 /* seqStack.h */ = {isa = PBXFileReference; lastKnownFileType = sourcecode.c.h; path = seqStack.h; sourceTree = "<group>"; };
		E2F18F27245AD2490046F448 /* seqStack.c */ = {isa = PBXFileReference; lastKnownFileType = sourcecode.c.c; path = seqStack.c; sourceTree = "<group>"; };
/* End PBXFileReference section */

/* Begin PBXFrameworksBuildPhase section */
		B80721F5244F4990007A9FE0 /* Frameworks */ = {
			isa = PBXFrameworksBuildPhase;
			buildActionMask = 2147483647;
			files = (
			);
			runOnlyForDeploymentPostprocessing = 0;
		};
		B8416900244DCDCD00162FE0 /* Frameworks */ = {
			isa = PBXFrameworksBuildPhase;
			buildActionMask = 2147483647;
			files = (
			);
			runOnlyForDeploymentPostprocessing = 0;
		};
		B8A5CCB2244DD70C009114EF /* Frameworks */ = {
			isa = PBXFrameworksBuildPhase;
			buildActionMask = 2147483647;
			files = (
			);
			runOnlyForDeploymentPostprocessing = 0;
		};
		B8A5CCBD244DDF4F009114EF /* Frameworks */ = {
			isa = PBXFrameworksBuildPhase;
			buildActionMask = 2147483647;
			files = (
			);
			runOnlyForDeploymentPostprocessing = 0;
		};
		B8A5CCC8244F310E009114EF /* Frameworks */ = {
			isa = PBXFrameworksBuildPhase;
			buildActionMask = 2147483647;
			files = (
			);
			runOnlyForDeploymentPostprocessing = 0;
		};
		E21024FE2440078200F77F8F /* Frameworks */ = {
			isa = PBXFrameworksBuildPhase;
			buildActionMask = 2147483647;
			files = (
			);
			runOnlyForDeploymentPostprocessing = 0;
		};
		E2DF8FE724407A4500E53DDD /* Frameworks */ = {
			isa = PBXFrameworksBuildPhase;
			buildActionMask = 2147483647;
			files = (
			);
			runOnlyForDeploymentPostprocessing = 0;
		};
		E2DF8FF2244430A200E53DDD /* Frameworks */ = {
			isa = PBXFrameworksBuildPhase;
			buildActionMask = 2147483647;
			files = (
			);
			runOnlyForDeploymentPostprocessing = 0;
		};
		E2DF8FFD24445FE000E53DDD /* Frameworks */ = {
			isa = PBXFrameworksBuildPhase;
			buildActionMask = 2147483647;
			files = (
			);
			runOnlyForDeploymentPostprocessing = 0;
		};
		E2DF90082445AE6900E53DDD /* Frameworks */ = {
			isa = PBXFrameworksBuildPhase;
			buildActionMask = 2147483647;
			files = (
			);
			runOnlyForDeploymentPostprocessing = 0;
		};
/* End PBXFrameworksBuildPhase section */

/* Begin PBXGroup section */
		B80721F9244F4990007A9FE0 /* 栈和队列 */ = {
			isa = PBXGroup;
			children = (
				B80721FA244F4990007A9FE0 /* main.c */,
				E2F18F26245AD2490046F448 /* seqStack.h */,
				E2F18F27245AD2490046F448 /* seqStack.c */,
				E2F18F20245AD1460046F448 /* linkStack.h */,
				E2F18F21245AD1460046F448 /* linkStack.c */,
			);
			path = "栈和队列";
			sourceTree = "<group>";
		};
		B8416904244DCDCD00162FE0 /* 去除重复字母 */ = {
			isa = PBXGroup;
			children = (
				B8416905244DCDCD00162FE0 /* main.c */,
			);
			path = "去除重复字母";
			sourceTree = "<group>";
		};
		B8A5CCB6244DD70C009114EF /* BF算法 */ = {
			isa = PBXGroup;
			children = (
				B8A5CCB7244DD70C009114EF /* main.c */,
			);
			path = "BF算法";
			sourceTree = "<group>";
		};
		B8A5CCC1244DDF4F009114EF /* 字符串匹配RK算法 */ = {
			isa = PBXGroup;
			children = (
				B8A5CCC2244DDF4F009114EF /* main.c */,
			);
			path = "字符串匹配RK算法";
			sourceTree = "<group>";
		};
		B8A5CCCC244F310E009114EF /* 栈队列习题 */ = {
			isa = PBXGroup;
			children = (
				B8A5CCCD244F310E009114EF /* main.c */,
			);
			path = "栈队列习题";
			sourceTree = "<group>";
		};
		E21024F82440078200F77F8F = {
			isa = PBXGroup;
			children = (
				E27851A8245A826300736D43 /* publicDefine.h */,
				E21025032440078200F77F8F /* 顺序表 */,
				E2DF8FEB24407A4500E53DDD /* 链表 */,
				E2DF8FF6244430A200E53DDD /* 单向循环列表 */,
				E2DF900124445FE000E53DDD /* 双向列表 */,
				E2DF900C2445AE6900E53DDD /* 线性表习题 */,
				B80721F9244F4990007A9FE0 /* 栈和队列 */,
				B8A5CCCC244F310E009114EF /* 栈队列习题 */,
				B8416904244DCDCD00162FE0 /* 去除重复字母 */,
				B8A5CCB6244DD70C009114EF /* BF算法 */,
				B8A5CCC1244DDF4F009114EF /* 字符串匹配RK算法 */,
				E21025022440078200F77F8F /* Products */,
			);
			sourceTree = "<group>";
		};
		E21025022440078200F77F8F /* Products */ = {
			isa = PBXGroup;
			children = (
				E21025012440078200F77F8F /* 顺序表 */,
				E2DF8FEA24407A4500E53DDD /* 链表 */,
				E2DF8FF5244430A200E53DDD /* 单项循环链表 */,
				E2DF900024445FE000E53DDD /* 双向链表 */,
				E2DF900B2445AE6900E53DDD /* 线性表习题 */,
				B8416903244DCDCD00162FE0 /* 去除重复字母 */,
				B8A5CCB5244DD70C009114EF /* BF */,
				B8A5CCC0244DDF4F009114EF /* 字符串匹配RK算法 */,
				B8A5CCCB244F310E009114EF /* 栈队列习题 */,
				B80721F8244F4990007A9FE0 /* 栈和队列 */,
			);
			name = Products;
			sourceTree = "<group>";
		};
		E21025032440078200F77F8F /* 顺序表 */ = {
			isa = PBXGroup;
			children = (
				E21025042440078200F77F8F /* main.c */,
				E27851AC245A9FFD00736D43 /* 顺序表.h */,
				E27851AD245A9FFD00736D43 /* 顺序表.c */,
			);
			path = "顺序表";
			sourceTree = "<group>";
		};
		E2DF8FEB24407A4500E53DDD /* 链表 */ = {
			isa = PBXGroup;
			children = (
				E2DF8FEC24407A4500E53DDD /* main.c */,
				E2F18F23245AD15A0046F448 /* linkList.h */,
				E2F18F24245AD15A0046F448 /* linkList.c */,
			);
			path = "链表";
			sourceTree = "<group>";
		};
		E2DF8FF6244430A200E53DDD /* 单向循环列表 */ = {
			isa = PBXGroup;
			children = (
				E2DF8FF7244430A200E53DDD /* 单向循环列表.c */,
			);
			path = "单向循环列表";
			sourceTree = "<group>";
		};
		E2DF900124445FE000E53DDD /* 双向列表 */ = {
			isa = PBXGroup;
			children = (
				E2DF900224445FE000E53DDD /* 双向列表.c */,
			);
			path = "双向列表";
			sourceTree = "<group>";
		};
		E2DF900C2445AE6900E53DDD /* 线性表习题 */ = {
			isa = PBXGroup;
			children = (
				E2DF900D2445AE6900E53DDD /* main.c */,
			);
			path = "线性表习题";
			sourceTree = "<group>";
		};
/* End PBXGroup section */

/* Begin PBXNativeTarget section */
		B80721F7244F4990007A9FE0 /* 栈和队列 */ = {
			isa = PBXNativeTarget;
			buildConfigurationList = B80721FE244F4990007A9FE0 /* Build configuration list for PBXNativeTarget "栈和队列" */;
			buildPhases = (
				B80721F4244F4990007A9FE0 /* Sources */,
				B80721F5244F4990007A9FE0 /* Frameworks */,
				B80721F6244F4990007A9FE0 /* CopyFiles */,
			);
			buildRules = (
			);
			dependencies = (
			);
			name = "栈和队列";
			productName = "栈和队列";
			productReference = B80721F8244F4990007A9FE0 /* 栈和队列 */;
			productType = "com.apple.product-type.tool";
		};
		B8416902244DCDCD00162FE0 /* 去除重复字母 */ = {
			isa = PBXNativeTarget;
			buildConfigurationList = B8416909244DCDCD00162FE0 /* Build configuration list for PBXNativeTarget "去除重复字母" */;
			buildPhases = (
				B84168FF244DCDCD00162FE0 /* Sources */,
				B8416900244DCDCD00162FE0 /* Frameworks */,
				B8416901244DCDCD00162FE0 /* CopyFiles */,
			);
			buildRules = (
			);
			dependencies = (
			);
			name = "去除重复字母";
			productName = "去除重复字母";
			productReference = B8416903244DCDCD00162FE0 /* 去除重复字母 */;
			productType = "com.apple.product-type.tool";
		};
		B8A5CCB4244DD70C009114EF /* BF */ = {
			isa = PBXNativeTarget;
			buildConfigurationList = B8A5CCBB244DD70C009114EF /* Build configuration list for PBXNativeTarget "BF" */;
			buildPhases = (
				B8A5CCB1244DD70C009114EF /* Sources */,
				B8A5CCB2244DD70C009114EF /* Frameworks */,
				B8A5CCB3244DD70C009114EF /* CopyFiles */,
			);
			buildRules = (
			);
			dependencies = (
			);
			name = BF;
			productName = BF;
			productReference = B8A5CCB5244DD70C009114EF /* BF */;
			productType = "com.apple.product-type.tool";
		};
		B8A5CCBF244DDF4F009114EF /* 字符串匹配RK算法 */ = {
			isa = PBXNativeTarget;
			buildConfigurationList = B8A5CCC4244DDF4F009114EF /* Build configuration list for PBXNativeTarget "字符串匹配RK算法" */;
			buildPhases = (
				B8A5CCBC244DDF4F009114EF /* Sources */,
				B8A5CCBD244DDF4F009114EF /* Frameworks */,
				B8A5CCBE244DDF4F009114EF /* CopyFiles */,
			);
			buildRules = (
			);
			dependencies = (
			);
			name = "字符串匹配RK算法";
			productName = "字符串匹配RK算法";
			productReference = B8A5CCC0244DDF4F009114EF /* 字符串匹配RK算法 */;
			productType = "com.apple.product-type.tool";
		};
		B8A5CCCA244F310E009114EF /* 栈队列习题 */ = {
			isa = PBXNativeTarget;
			buildConfigurationList = B8A5CCCF244F310E009114EF /* Build configuration list for PBXNativeTarget "栈队列习题" */;
			buildPhases = (
				B8A5CCC7244F310E009114EF /* Sources */,
				B8A5CCC8244F310E009114EF /* Frameworks */,
				B8A5CCC9244F310E009114EF /* CopyFiles */,
			);
			buildRules = (
			);
			dependencies = (
			);
			name = "栈队列习题";
			productName = "栈队列习题";
			productReference = B8A5CCCB244F310E009114EF /* 栈队列习题 */;
			productType = "com.apple.product-type.tool";
		};
		E21025002440078200F77F8F /* 顺序表 */ = {
			isa = PBXNativeTarget;
			buildConfigurationList = E21025082440078200F77F8F /* Build configuration list for PBXNativeTarget "顺序表" */;
			buildPhases = (
				E21024FD2440078200F77F8F /* Sources */,
				E21024FE2440078200F77F8F /* Frameworks */,
				E21024FF2440078200F77F8F /* CopyFiles */,
			);
			buildRules = (
			);
			dependencies = (
			);
			name = "顺序表";
			productName = CDSA_LinearTable;
			productReference = E21025012440078200F77F8F /* 顺序表 */;
			productType = "com.apple.product-type.tool";
		};
		E2DF8FE924407A4500E53DDD /* 链表 */ = {
			isa = PBXNativeTarget;
			buildConfigurationList = E2DF8FEE24407A4500E53DDD /* Build configuration list for PBXNativeTarget "链表" */;
			buildPhases = (
				E2DF8FE624407A4500E53DDD /* Sources */,
				E2DF8FE724407A4500E53DDD /* Frameworks */,
				E2DF8FE824407A4500E53DDD /* CopyFiles */,
			);
			buildRules = (
			);
			dependencies = (
			);
			name = "链表";
			productName = "Linked list";
			productReference = E2DF8FEA24407A4500E53DDD /* 链表 */;
			productType = "com.apple.product-type.tool";
		};
		E2DF8FF4244430A200E53DDD /* 单项循环链表 */ = {
			isa = PBXNativeTarget;
			buildConfigurationList = E2DF8FF9244430A200E53DDD /* Build configuration list for PBXNativeTarget "单项循环链表" */;
			buildPhases = (
				E2DF8FF1244430A200E53DDD /* Sources */,
				E2DF8FF2244430A200E53DDD /* Frameworks */,
				E2DF8FF3244430A200E53DDD /* CopyFiles */,
			);
			buildRules = (
			);
			dependencies = (
			);
			name = "单项循环链表";
			productName = "Single Cycle Linked List";
			productReference = E2DF8FF5244430A200E53DDD /* 单项循环链表 */;
			productType = "com.apple.product-type.tool";
		};
		E2DF8FFF24445FE000E53DDD /* 双向链表 */ = {
			isa = PBXNativeTarget;
			buildConfigurationList = E2DF900424445FE000E53DDD /* Build configuration list for PBXNativeTarget "双向链表" */;
			buildPhases = (
				E2DF8FFC24445FE000E53DDD /* Sources */,
				E2DF8FFD24445FE000E53DDD /* Frameworks */,
				E2DF8FFE24445FE000E53DDD /* CopyFiles */,
			);
			buildRules = (
			);
			dependencies = (
			);
			name = "双向链表";
			productName = "Bothway Linked List";
			productReference = E2DF900024445FE000E53DDD /* 双向链表 */;
			productType = "com.apple.product-type.tool";
		};
		E2DF900A2445AE6900E53DDD /* 线性表习题 */ = {
			isa = PBXNativeTarget;
			buildConfigurationList = E2DF90112445AE6900E53DDD /* Build configuration list for PBXNativeTarget "线性表习题" */;
			buildPhases = (
				E2DF90072445AE6900E53DDD /* Sources */,
				E2DF90082445AE6900E53DDD /* Frameworks */,
				E2DF90092445AE6900E53DDD /* CopyFiles */,
			);
			buildRules = (
			);
			dependencies = (
			);
			name = "线性表习题";
			productName = "习题";
			productReference = E2DF900B2445AE6900E53DDD /* 线性表习题 */;
			productType = "com.apple.product-type.tool";
		};
/* End PBXNativeTarget section */

/* Begin PBXProject section */
		E21024F92440078200F77F8F /* Project object */ = {
			isa = PBXProject;
			attributes = {
				LastSwiftUpdateCheck = 1140;
				LastUpgradeCheck = 1140;
				ORGANIZATIONNAME = ly;
				TargetAttributes = {
					B80721F7244F4990007A9FE0 = {
						CreatedOnToolsVersion = 11.4;
					};
					B8416902244DCDCD00162FE0 = {
						CreatedOnToolsVersion = 11.4;
					};
					B8A5CCB4244DD70C009114EF = {
						CreatedOnToolsVersion = 11.4.1;
					};
					B8A5CCBF244DDF4F009114EF = {
						CreatedOnToolsVersion = 11.4.1;
					};
					B8A5CCCA244F310E009114EF = {
						CreatedOnToolsVersion = 11.4.1;
					};
					E21025002440078200F77F8F = {
						CreatedOnToolsVersion = 11.4;
					};
					E2DF8FE924407A4500E53DDD = {
						CreatedOnToolsVersion = 11.4;
					};
					E2DF8FF4244430A200E53DDD = {
						CreatedOnToolsVersion = 11.4;
					};
					E2DF8FFF24445FE000E53DDD = {
						CreatedOnToolsVersion = 11.4;
					};
					E2DF900A2445AE6900E53DDD = {
						CreatedOnToolsVersion = 11.4;
					};
				};
			};
			buildConfigurationList = E21024FC2440078200F77F8F /* Build configuration list for PBXProject "CDSA_LinearTable" */;
			compatibilityVersion = "Xcode 9.3";
			developmentRegion = en;
			hasScannedForEncodings = 0;
			knownRegions = (
				en,
				Base,
			);
			mainGroup = E21024F82440078200F77F8F;
			productRefGroup = E21025022440078200F77F8F /* Products */;
			projectDirPath = "";
			projectRoot = "";
			targets = (
				E21025002440078200F77F8F /* 顺序表 */,
				E2DF8FE924407A4500E53DDD /* 链表 */,
				E2DF8FF4244430A200E53DDD /* 单项循环链表 */,
				E2DF8FFF24445FE000E53DDD /* 双向链表 */,
				E2DF900A2445AE6900E53DDD /* 线性表习题 */,
				B8416902244DCDCD00162FE0 /* 去除重复字母 */,
				B8A5CCB4244DD70C009114EF /* BF */,
				B8A5CCBF244DDF4F009114EF /* 字符串匹配RK算法 */,
				B8A5CCCA244F310E009114EF /* 栈队列习题 */,
				B80721F7244F4990007A9FE0 /* 栈和队列 */,
			);
		};
/* End PBXProject section */

/* Begin PBXSourcesBuildPhase section */
		B80721F4244F4990007A9FE0 /* Sources */ = {
			isa = PBXSourcesBuildPhase;
			buildActionMask = 2147483647;
			files = (
				E2F18F22245AD1460046F448 /* linkStack.c in Sources */,
				B80721FB244F4990007A9FE0 /* main.c in Sources */,
				E2F18F28245AD2490046F448 /* seqStack.c in Sources */,
			);
			runOnlyForDeploymentPostprocessing = 0;
		};
		B84168FF244DCDCD00162FE0 /* Sources */ = {
			isa = PBXSourcesBuildPhase;
			buildActionMask = 2147483647;
			files = (
				B8416906244DCDCD00162FE0 /* main.c in Sources */,
			);
			runOnlyForDeploymentPostprocessing = 0;
		};
		B8A5CCB1244DD70C009114EF /* Sources */ = {
			isa = PBXSourcesBuildPhase;
			buildActionMask = 2147483647;
			files = (
				B8A5CCB8244DD70C009114EF /* main.c in Sources */,
			);
			runOnlyForDeploymentPostprocessing = 0;
		};
		B8A5CCBC244DDF4F009114EF /* Sources */ = {
			isa = PBXSourcesBuildPhase;
			buildActionMask = 2147483647;
			files = (
				B8A5CCC3244DDF4F009114EF /* main.c in Sources */,
			);
			runOnlyForDeploymentPostprocessing = 0;
		};
		B8A5CCC7244F310E009114EF /* Sources */ = {
			isa = PBXSourcesBuildPhase;
			buildActionMask = 2147483647;
			files = (
				B8A5CCCE244F310E009114EF /* main.c in Sources */,
			);
			runOnlyForDeploymentPostprocessing = 0;
		};
		E21024FD2440078200F77F8F /* Sources */ = {
			isa = PBXSourcesBuildPhase;
			buildActionMask = 2147483647;
			files = (
				E21025052440078200F77F8F /* main.c in Sources */,
				E27851AE245A9FFD00736D43 /* 顺序表.c in Sources */,
			);
			runOnlyForDeploymentPostprocessing = 0;
		};
		E2DF8FE624407A4500E53DDD /* Sources */ = {
			isa = PBXSourcesBuildPhase;
			buildActionMask = 2147483647;
			files = (
				E2F18F25245AD15A0046F448 /* linkList.c in Sources */,
				E2DF8FED24407A4500E53DDD /* main.c in Sources */,
			);
			runOnlyForDeploymentPostprocessing = 0;
		};
		E2DF8FF1244430A200E53DDD /* Sources */ = {
			isa = PBXSourcesBuildPhase;
			buildActionMask = 2147483647;
			files = (
				E2DF8FF8244430A200E53DDD /* 单向循环列表.c in Sources */,
			);
			runOnlyForDeploymentPostprocessing = 0;
		};
		E2DF8FFC24445FE000E53DDD /* Sources */ = {
			isa = PBXSourcesBuildPhase;
			buildActionMask = 2147483647;
			files = (
				E2DF900324445FE000E53DDD /* 双向列表.c in Sources */,
			);
			runOnlyForDeploymentPostprocessing = 0;
		};
		E2DF90072445AE6900E53DDD /* Sources */ = {
			isa = PBXSourcesBuildPhase;
			buildActionMask = 2147483647;
			files = (
				E2DF900E2445AE6900E53DDD /* main.c in Sources */,
			);
			runOnlyForDeploymentPostprocessing = 0;
		};
/* End PBXSourcesBuildPhase section */

/* Begin XCBuildConfiguration section */
		B80721FC244F4990007A9FE0 /* Debug */ = {
			isa = XCBuildConfiguration;
			buildSettings = {
				CODE_SIGN_STYLE = Automatic;
				DEVELOPMENT_TEAM = 4YGH48HCL3;
				ENABLE_HARDENED_RUNTIME = YES;
				PRODUCT_NAME = "$(TARGET_NAME)";
			};
			name = Debug;
		};
		B80721FD244F4990007A9FE0 /* Release */ = {
			isa = XCBuildConfiguration;
			buildSettings = {
				CODE_SIGN_STYLE = Automatic;
				DEVELOPMENT_TEAM = 4YGH48HCL3;
				ENABLE_HARDENED_RUNTIME = YES;
				PRODUCT_NAME = "$(TARGET_NAME)";
			};
			name = Release;
		};
		B8416907244DCDCD00162FE0 /* Debug */ = {
			isa = XCBuildConfiguration;
			buildSettings = {
				CODE_SIGN_STYLE = Automatic;
				DEVELOPMENT_TEAM = 4YGH48HCL3;
				ENABLE_HARDENED_RUNTIME = YES;
				PRODUCT_NAME = "$(TARGET_NAME)";
			};
			name = Debug;
		};
		B8416908244DCDCD00162FE0 /* Release */ = {
			isa = XCBuildConfiguration;
			buildSettings = {
				CODE_SIGN_STYLE = Automatic;
				DEVELOPMENT_TEAM = 4YGH48HCL3;
				ENABLE_HARDENED_RUNTIME = YES;
				PRODUCT_NAME = "$(TARGET_NAME)";
			};
			name = Release;
		};
		B8A5CCB9244DD70C009114EF /* Debug */ = {
			isa = XCBuildConfiguration;
			buildSettings = {
				CODE_SIGN_STYLE = Automatic;
				PRODUCT_NAME = "$(TARGET_NAME)";
			};
			name = Debug;
		};
		B8A5CCBA244DD70C009114EF /* Release */ = {
			isa = XCBuildConfiguration;
			buildSettings = {
				CODE_SIGN_STYLE = Automatic;
				PRODUCT_NAME = "$(TARGET_NAME)";
			};
			name = Release;
		};
		B8A5CCC5244DDF4F009114EF /* Debug */ = {
			isa = XCBuildConfiguration;
			buildSettings = {
				CODE_SIGN_STYLE = Automatic;
				PRODUCT_NAME = "$(TARGET_NAME)";
			};
			name = Debug;
		};
		B8A5CCC6244DDF4F009114EF /* Release */ = {
			isa = XCBuildConfiguration;
			buildSettings = {
				CODE_SIGN_STYLE = Automatic;
				PRODUCT_NAME = "$(TARGET_NAME)";
			};
			name = Release;
		};
		B8A5CCD0244F310E009114EF /* Debug */ = {
			isa = XCBuildConfiguration;
			buildSettings = {
				CODE_SIGN_STYLE = Automatic;
				PRODUCT_NAME = "$(TARGET_NAME)";
			};
			name = Debug;
		};
		B8A5CCD1244F310E009114EF /* Release */ = {
			isa = XCBuildConfiguration;
			buildSettings = {
				CODE_SIGN_STYLE = Automatic;
				PRODUCT_NAME = "$(TARGET_NAME)";
			};
			name = Release;
		};
		E21025062440078200F77F8F /* Debug */ = {
			isa = XCBuildConfiguration;
			buildSettings = {
				ALWAYS_SEARCH_USER_PATHS = NO;
				CLANG_ANALYZER_NONNULL = YES;
				CLANG_ANALYZER_NUMBER_OBJECT_CONVERSION = YES_AGGRESSIVE;
				CLANG_CXX_LANGUAGE_STANDARD = "gnu++14";
				CLANG_CXX_LIBRARY = "libc++";
				CLANG_ENABLE_MODULES = YES;
				CLANG_ENABLE_OBJC_ARC = YES;
				CLANG_ENABLE_OBJC_WEAK = YES;
				CLANG_WARN_BLOCK_CAPTURE_AUTORELEASING = YES;
				CLANG_WARN_BOOL_CONVERSION = YES;
				CLANG_WARN_COMMA = YES;
				CLANG_WARN_CONSTANT_CONVERSION = YES;
				CLANG_WARN_DEPRECATED_OBJC_IMPLEMENTATIONS = YES;
				CLANG_WARN_DIRECT_OBJC_ISA_USAGE = YES_ERROR;
				CLANG_WARN_DOCUMENTATION_COMMENTS = YES;
				CLANG_WARN_EMPTY_BODY = YES;
				CLANG_WARN_ENUM_CONVERSION = YES;
				CLANG_WARN_INFINITE_RECURSION = YES;
				CLANG_WARN_INT_CONVERSION = YES;
				CLANG_WARN_NON_LITERAL_NULL_CONVERSION = YES;
				CLANG_WARN_OBJC_IMPLICIT_RETAIN_SELF = YES;
				CLANG_WARN_OBJC_LITERAL_CONVERSION = YES;
				CLANG_WARN_OBJC_ROOT_CLASS = YES_ERROR;
				CLANG_WARN_RANGE_LOOP_ANALYSIS = YES;
				CLANG_WARN_STRICT_PROTOTYPES = YES;
				CLANG_WARN_SUSPICIOUS_MOVE = YES;
				CLANG_WARN_UNGUARDED_AVAILABILITY = YES_AGGRESSIVE;
				CLANG_WARN_UNREACHABLE_CODE = YES;
				CLANG_WARN__DUPLICATE_METHOD_MATCH = YES;
				COPY_PHASE_STRIP = NO;
				DEBUG_INFORMATION_FORMAT = dwarf;
				ENABLE_STRICT_OBJC_MSGSEND = YES;
				ENABLE_TESTABILITY = YES;
				GCC_C_LANGUAGE_STANDARD = gnu11;
				GCC_DYNAMIC_NO_PIC = NO;
				GCC_NO_COMMON_BLOCKS = YES;
				GCC_OPTIMIZATION_LEVEL = 0;
				GCC_PREPROCESSOR_DEFINITIONS = (
					"DEBUG=1",
					"$(inherited)",
				);
				GCC_WARN_64_TO_32_BIT_CONVERSION = YES;
				GCC_WARN_ABOUT_RETURN_TYPE = YES_ERROR;
				GCC_WARN_UNDECLARED_SELECTOR = YES;
				GCC_WARN_UNINITIALIZED_AUTOS = YES_AGGRESSIVE;
				GCC_WARN_UNUSED_FUNCTION = YES;
				GCC_WARN_UNUSED_VARIABLE = YES;
				MACOSX_DEPLOYMENT_TARGET = 10.15;
				MTL_ENABLE_DEBUG_INFO = INCLUDE_SOURCE;
				MTL_FAST_MATH = YES;
				ONLY_ACTIVE_ARCH = YES;
				SDKROOT = macosx;
			};
			name = Debug;
		};
		E21025072440078200F77F8F /* Release */ = {
			isa = XCBuildConfiguration;
			buildSettings = {
				ALWAYS_SEARCH_USER_PATHS = NO;
				CLANG_ANALYZER_NONNULL = YES;
				CLANG_ANALYZER_NUMBER_OBJECT_CONVERSION = YES_AGGRESSIVE;
				CLANG_CXX_LANGUAGE_STANDARD = "gnu++14";
				CLANG_CXX_LIBRARY = "libc++";
				CLANG_ENABLE_MODULES = YES;
				CLANG_ENABLE_OBJC_ARC = YES;
				CLANG_ENABLE_OBJC_WEAK = YES;
				CLANG_WARN_BLOCK_CAPTURE_AUTORELEASING = YES;
				CLANG_WARN_BOOL_CONVERSION = YES;
				CLANG_WARN_COMMA = YES;
				CLANG_WARN_CONSTANT_CONVERSION = YES;
				CLANG_WARN_DEPRECATED_OBJC_IMPLEMENTATIONS = YES;
				CLANG_WARN_DIRECT_OBJC_ISA_USAGE = YES_ERROR;
				CLANG_WARN_DOCUMENTATION_COMMENTS = YES;
				CLANG_WARN_EMPTY_BODY = YES;
				CLANG_WARN_ENUM_CONVERSION = YES;
				CLANG_WARN_INFINITE_RECURSION = YES;
				CLANG_WARN_INT_CONVERSION = YES;
				CLANG_WARN_NON_LITERAL_NULL_CONVERSION = YES;
				CLANG_WARN_OBJC_IMPLICIT_RETAIN_SELF = YES;
				CLANG_WARN_OBJC_LITERAL_CONVERSION = YES;
				CLANG_WARN_OBJC_ROOT_CLASS = YES_ERROR;
				CLANG_WARN_RANGE_LOOP_ANALYSIS = YES;
				CLANG_WARN_STRICT_PROTOTYPES = YES;
				CLANG_WARN_SUSPICIOUS_MOVE = YES;
				CLANG_WARN_UNGUARDED_AVAILABILITY = YES_AGGRESSIVE;
				CLANG_WARN_UNREACHABLE_CODE = YES;
				CLANG_WARN__DUPLICATE_METHOD_MATCH = YES;
				COPY_PHASE_STRIP = NO;
				DEBUG_INFORMATION_FORMAT = "dwarf-with-dsym";
				ENABLE_NS_ASSERTIONS = NO;
				ENABLE_STRICT_OBJC_MSGSEND = YES;
				GCC_C_LANGUAGE_STANDARD = gnu11;
				GCC_NO_COMMON_BLOCKS = YES;
				GCC_WARN_64_TO_32_BIT_CONVERSION = YES;
				GCC_WARN_ABOUT_RETURN_TYPE = YES_ERROR;
				GCC_WARN_UNDECLARED_SELECTOR = YES;
				GCC_WARN_UNINITIALIZED_AUTOS = YES_AGGRESSIVE;
				GCC_WARN_UNUSED_FUNCTION = YES;
				GCC_WARN_UNUSED_VARIABLE = YES;
				MACOSX_DEPLOYMENT_TARGET = 10.15;
				MTL_ENABLE_DEBUG_INFO = NO;
				MTL_FAST_MATH = YES;
				SDKROOT = macosx;
			};
			name = Release;
		};
		E21025092440078200F77F8F /* Debug */ = {
			isa = XCBuildConfiguration;
			buildSettings = {
				CODE_SIGN_STYLE = Automatic;
				DEVELOPMENT_TEAM = 4YGH48HCL3;
				ENABLE_HARDENED_RUNTIME = YES;
				PRODUCT_NAME = "$(TARGET_NAME)";
			};
			name = Debug;
		};
		E210250A2440078200F77F8F /* Release */ = {
			isa = XCBuildConfiguration;
			buildSettings = {
				CODE_SIGN_STYLE = Automatic;
				DEVELOPMENT_TEAM = 4YGH48HCL3;
				ENABLE_HARDENED_RUNTIME = YES;
				PRODUCT_NAME = "$(TARGET_NAME)";
			};
			name = Release;
		};
		E2DF8FEF24407A4500E53DDD /* Debug */ = {
			isa = XCBuildConfiguration;
			buildSettings = {
				CODE_SIGN_STYLE = Automatic;
				DEVELOPMENT_TEAM = 4YGH48HCL3;
				ENABLE_HARDENED_RUNTIME = YES;
				PRODUCT_NAME = "$(TARGET_NAME)";
			};
			name = Debug;
		};
		E2DF8FF024407A4500E53DDD /* Release */ = {
			isa = XCBuildConfiguration;
			buildSettings = {
				CODE_SIGN_STYLE = Automatic;
				DEVELOPMENT_TEAM = 4YGH48HCL3;
				ENABLE_HARDENED_RUNTIME = YES;
				PRODUCT_NAME = "$(TARGET_NAME)";
			};
			name = Release;
		};
		E2DF8FFA244430A200E53DDD /* Debug */ = {
			isa = XCBuildConfiguration;
			buildSettings = {
				CODE_SIGN_STYLE = Automatic;
				DEVELOPMENT_TEAM = 4YGH48HCL3;
				ENABLE_HARDENED_RUNTIME = YES;
				PRODUCT_NAME = "$(TARGET_NAME)";
			};
			name = Debug;
		};
		E2DF8FFB244430A200E53DDD /* Release */ = {
			isa = XCBuildConfiguration;
			buildSettings = {
				CODE_SIGN_STYLE = Automatic;
				DEVELOPMENT_TEAM = 4YGH48HCL3;
				ENABLE_HARDENED_RUNTIME = YES;
				PRODUCT_NAME = "$(TARGET_NAME)";
			};
			name = Release;
		};
		E2DF900524445FE000E53DDD /* Debug */ = {
			isa = XCBuildConfiguration;
			buildSettings = {
				CODE_SIGN_STYLE = Automatic;
				DEVELOPMENT_TEAM = 4YGH48HCL3;
				ENABLE_HARDENED_RUNTIME = YES;
				PRODUCT_NAME = "$(TARGET_NAME)";
			};
			name = Debug;
		};
		E2DF900624445FE000E53DDD /* Release */ = {
			isa = XCBuildConfiguration;
			buildSettings = {
				CODE_SIGN_STYLE = Automatic;
				DEVELOPMENT_TEAM = 4YGH48HCL3;
				ENABLE_HARDENED_RUNTIME = YES;
				PRODUCT_NAME = "$(TARGET_NAME)";
			};
			name = Release;
		};
		E2DF900F2445AE6900E53DDD /* Debug */ = {
			isa = XCBuildConfiguration;
			buildSettings = {
				CODE_SIGN_STYLE = Automatic;
				DEVELOPMENT_TEAM = 4YGH48HCL3;
				ENABLE_HARDENED_RUNTIME = YES;
				PRODUCT_NAME = "$(TARGET_NAME)";
			};
			name = Debug;
		};
		E2DF90102445AE6900E53DDD /* Release */ = {
			isa = XCBuildConfiguration;
			buildSettings = {
				CODE_SIGN_STYLE = Automatic;
				DEVELOPMENT_TEAM = 4YGH48HCL3;
				ENABLE_HARDENED_RUNTIME = YES;
				PRODUCT_NAME = "$(TARGET_NAME)";
			};
			name = Release;
		};
/* End XCBuildConfiguration section */

/* Begin XCConfigurationList section */
		B80721FE244F4990007A9FE0 /* Build configuration list for PBXNativeTarget "栈和队列" */ = {
			isa = XCConfigurationList;
			buildConfigurations = (
				B80721FC244F4990007A9FE0 /* Debug */,
				B80721FD244F4990007A9FE0 /* Release */,
			);
			defaultConfigurationIsVisible = 0;
			defaultConfigurationName = Release;
		};
		B8416909244DCDCD00162FE0 /* Build configuration list for PBXNativeTarget "去除重复字母" */ = {
			isa = XCConfigurationList;
			buildConfigurations = (
				B8416907244DCDCD00162FE0 /* Debug */,
				B8416908244DCDCD00162FE0 /* Release */,
			);
			defaultConfigurationIsVisible = 0;
			defaultConfigurationName = Release;
		};
		B8A5CCBB244DD70C009114EF /* Build configuration list for PBXNativeTarget "BF" */ = {
			isa = XCConfigurationList;
			buildConfigurations = (
				B8A5CCB9244DD70C009114EF /* Debug */,
				B8A5CCBA244DD70C009114EF /* Release */,
			);
			defaultConfigurationIsVisible = 0;
			defaultConfigurationName = Release;
		};
		B8A5CCC4244DDF4F009114EF /* Build configuration list for PBXNativeTarget "字符串匹配RK算法" */ = {
			isa = XCConfigurationList;
			buildConfigurations = (
				B8A5CCC5244DDF4F009114EF /* Debug */,
				B8A5CCC6244DDF4F009114EF /* Release */,
			);
			defaultConfigurationIsVisible = 0;
			defaultConfigurationName = Release;
		};
		B8A5CCCF244F310E009114EF /* Build configuration list for PBXNativeTarget "栈队列习题" */ = {
			isa = XCConfigurationList;
			buildConfigurations = (
				B8A5CCD0244F310E009114EF /* Debug */,
				B8A5CCD1244F310E009114EF /* Release */,
			);
			defaultConfigurationIsVisible = 0;
			defaultConfigurationName = Release;
		};
		E21024FC2440078200F77F8F /* Build configuration list for PBXProject "CDSA_LinearTable" */ = {
			isa = XCConfigurationList;
			buildConfigurations = (
				E21025062440078200F77F8F /* Debug */,
				E21025072440078200F77F8F /* Release */,
			);
			defaultConfigurationIsVisible = 0;
			defaultConfigurationName = Release;
		};
		E21025082440078200F77F8F /* Build configuration list for PBXNativeTarget "顺序表" */ = {
			isa = XCConfigurationList;
			buildConfigurations = (
				E21025092440078200F77F8F /* Debug */,
				E210250A2440078200F77F8F /* Release */,
			);
			defaultConfigurationIsVisible = 0;
			defaultConfigurationName = Release;
		};
		E2DF8FEE24407A4500E53DDD /* Build configuration list for PBXNativeTarget "链表" */ = {
			isa = XCConfigurationList;
			buildConfigurations = (
				E2DF8FEF24407A4500E53DDD /* Debug */,
				E2DF8FF024407A4500E53DDD /* Release */,
			);
			defaultConfigurationIsVisible = 0;
			defaultConfigurationName = Release;
		};
		E2DF8FF9244430A200E53DDD /* Build configuration list for PBXNativeTarget "单项循环链表" */ = {
			isa = XCConfigurationList;
			buildConfigurations = (
				E2DF8FFA244430A200E53DDD /* Debug */,
				E2DF8FFB244430A200E53DDD /* Release */,
			);
			defaultConfigurationIsVisible = 0;
			defaultConfigurationName = Release;
		};
		E2DF900424445FE000E53DDD /* Build configuration list for PBXNativeTarget "双向链表" */ = {
			isa = XCConfigurationList;
			buildConfigurations = (
				E2DF900524445FE000E53DDD /* Debug */,
				E2DF900624445FE000E53DDD /* Release */,
			);
			defaultConfigurationIsVisible = 0;
			defaultConfigurationName = Release;
		};
		E2DF90112445AE6900E53DDD /* Build configuration list for PBXNativeTarget "线性表习题" */ = {
			isa = XCConfigurationList;
			buildConfigurations = (
				E2DF900F2445AE6900E53DDD /* Debug */,
				E2DF90102445AE6900E53DDD /* Release */,
			);
			defaultConfigurationIsVisible = 0;
			defaultConfigurationName = Release;
		};
/* End XCConfigurationList section */
	};
	rootObject = E21024F92440078200F77F8F /* Project object */;
}
