// !$*UTF8*$!
{
	archiveVersion = 1;
	classes = {
	};
	objectVersion = 51;
	objects = {

/* Begin PBXBuildFile section */
		BDBDE62649A5283E18B2750E /* Pods_Home.framework in Frameworks */ = {isa = PBXBuildFile; fileRef = 8B87B68E543F9AD60D91B7AE /* Pods_Home.framework */; };
		E2158EB2246556AE009A328A /* HomeViewController.swift in Sources */ = {isa = PBXBuildFile; fileRef = E2158EB1246556AE009A328A /* HomeViewController.swift */; };
		E2158EBC246557B0009A328A /* Parchment.h in Headers */ = {isa = PBXBuildFile; fileRef = E2158EBA246557B0009A328A /* Parchment.h */; settings = {ATTRIBUTES = (Public, ); }; };
		E2158EBF246557B0009A328A /* Parchment.framework in Frameworks */ = {isa = PBXBuildFile; fileRef = E2158EB8246557B0009A328A /* Parchment.framework */; };
		E2158EC0246557B0009A328A /* Parchment.framework in Embed Frameworks */ = {isa = PBXBuildFile; fileRef = E2158EB8246557B0009A328A /* Parchment.framework */; settings = {ATTRIBUTES = (CodeSignOnCopy, RemoveHeadersOnCopy, ); }; };
		E2158EFB246557E0009A328A /* PagingMenuInteraction.swift in Sources */ = {isa = PBXBuildFile; fileRef = E2158EC6246557DF009A328A /* PagingMenuInteraction.swift */; };
		E2158EFC246557E0009A328A /* PagingMenuItemSize.swift in Sources */ = {isa = PBXBuildFile; fileRef = E2158EC7246557DF009A328A /* PagingMenuItemSize.swift */; };
		E2158EFD246557E0009A328A /* PagingSelectedScrollPosition.swift in Sources */ = {isa = PBXBuildFile; fileRef = E2158EC8246557DF009A328A /* PagingSelectedScrollPosition.swift */; };
		E2158EFE246557E0009A328A /* InvalidationState.swift in Sources */ = {isa = PBXBuildFile; fileRef = E2158EC9246557DF009A328A /* InvalidationState.swift */; };
		E2158EFF246557E0009A328A /* PagingMenuTransition.swift in Sources */ = {isa = PBXBuildFile; fileRef = E2158ECA246557DF009A328A /* PagingMenuTransition.swift */; };
		E2158F00246557E0009A328A /* PagingContentInteraction.swift in Sources */ = {isa = PBXBuildFile; fileRef = E2158ECB246557DF009A328A /* PagingContentInteraction.swift */; };
		E2158F01246557E0009A328A /* PagingMenuHorizontalAlignment.swift in Sources */ = {isa = PBXBuildFile; fileRef = E2158ECC246557DF009A328A /* PagingMenuHorizontalAlignment.swift */; };
		E2158F02246557E0009A328A /* PagingIndicatorOptions.swift in Sources */ = {isa = PBXBuildFile; fileRef = E2158ECD246557DF009A328A /* PagingIndicatorOptions.swift */; };
		E2158F03246557E0009A328A /* PagingEvent.swift in Sources */ = {isa = PBXBuildFile; fileRef = E2158ECE246557DF009A328A /* PagingEvent.swift */; };
		E2158F04246557E0009A328A /* PagingDirection.swift in Sources */ = {isa = PBXBuildFile; fileRef = E2158ECF246557DF009A328A /* PagingDirection.swift */; };
		E2158F05246557E0009A328A /* PagingBorderOptions.swift in Sources */ = {isa = PBXBuildFile; fileRef = E2158ED0246557DF009A328A /* PagingBorderOptions.swift */; };
		E2158F06246557E0009A328A /* PagingState.swift in Sources */ = {isa = PBXBuildFile; fileRef = E2158ED1246557DF009A328A /* PagingState.swift */; };
		E2158F07246557E0009A328A /* PagingMenuItemSource.swift in Sources */ = {isa = PBXBuildFile; fileRef = E2158ED2246557DF009A328A /* PagingMenuItemSource.swift */; };
		E2158F08246557E0009A328A /* PagingViewControllerInfiniteDataSource.swift in Sources */ = {isa = PBXBuildFile; fileRef = E2158ED4246557DF009A328A /* PagingViewControllerInfiniteDataSource.swift */; };
		E2158F09246557E0009A328A /* Tween.swift in Sources */ = {isa = PBXBuildFile; fileRef = E2158ED5246557DF009A328A /* Tween.swift */; };
		E2158F0A246557E0009A328A /* PagingItem.swift in Sources */ = {isa = PBXBuildFile; fileRef = E2158ED6246557DF009A328A /* PagingItem.swift */; };
		E2158F0B246557E0009A328A /* PagingViewControllerDelegate.swift in Sources */ = {isa = PBXBuildFile; fileRef = E2158ED7246557DF009A328A /* PagingViewControllerDelegate.swift */; };
		E2158F0C246557E0009A328A /* PagingViewControllerDataSource.swift in Sources */ = {isa = PBXBuildFile; fileRef = E2158ED8246557DF009A328A /* PagingViewControllerDataSource.swift */; };
		E2158F0D246557E0009A328A /* PagingLayout.swift in Sources */ = {isa = PBXBuildFile; fileRef = E2158ED9246557DF009A328A /* PagingLayout.swift */; };
		E2158F0E246557E0009A328A /* PagingDistance.swift in Sources */ = {isa = PBXBuildFile; fileRef = E2158EDB246557DF009A328A /* PagingDistance.swift */; };
		E2158F0F246557E0009A328A /* IndexedPagingItem.swift in Sources */ = {isa = PBXBuildFile; fileRef = E2158EDC246557DF009A328A /* IndexedPagingItem.swift */; };
		E2158F10246557E0009A328A /* PagingIndicatorMetric.swift in Sources */ = {isa = PBXBuildFile; fileRef = E2158EDD246557DF009A328A /* PagingIndicatorMetric.swift */; };
		E2158F11246557E0009A328A /* PagingDiff.swift in Sources */ = {isa = PBXBuildFile; fileRef = E2158EDE246557DF009A328A /* PagingDiff.swift */; };
		E2158F12246557E0009A328A /* PagingItems.swift in Sources */ = {isa = PBXBuildFile; fileRef = E2158EDF246557DF009A328A /* PagingItems.swift */; };
		E2158F13246557E0009A328A /* PagingCellViewModel.swift in Sources */ = {isa = PBXBuildFile; fileRef = E2158EE0246557DF009A328A /* PagingCellViewModel.swift */; };
		E2158F14246557E0009A328A /* PagingTransition.swift in Sources */ = {isa = PBXBuildFile; fileRef = E2158EE1246557DF009A328A /* PagingTransition.swift */; };
		E2158F15246557E0009A328A /* UIScrollView+near.swift in Sources */ = {isa = PBXBuildFile; fileRef = E2158EE3246557E0009A328A /* UIScrollView+near.swift */; };
		E2158F16246557E0009A328A /* UIColor+interpolation.swift in Sources */ = {isa = PBXBuildFile; fileRef = E2158EE4246557E0009A328A /* UIColor+interpolation.swift */; };
		E2158F17246557E0009A328A /* UIView+constraints.swift in Sources */ = {isa = PBXBuildFile; fileRef = E2158EE5246557E0009A328A /* UIView+constraints.swift */; };
		E2158F18246557E0009A328A /* UIEdgeInsets.swift in Sources */ = {isa = PBXBuildFile; fileRef = E2158EE6246557E0009A328A /* UIEdgeInsets.swift */; };
		E2158F1A246557E0009A328A /* PagingViewController.swift in Sources */ = {isa = PBXBuildFile; fileRef = E2158EEA246557E0009A328A /* PagingViewController.swift */; };
		E2158F1B246557E0009A328A /* PagingTitleCell.swift in Sources */ = {isa = PBXBuildFile; fileRef = E2158EEB246557E0009A328A /* PagingTitleCell.swift */; };
		E2158F1C246557E0009A328A /* PagingIndicatorView.swift in Sources */ = {isa = PBXBuildFile; fileRef = E2158EEC246557E0009A328A /* PagingIndicatorView.swift */; };
		E2158F1D246557E0009A328A /* PagingView.swift in Sources */ = {isa = PBXBuildFile; fileRef = E2158EED246557E0009A328A /* PagingView.swift */; };
		E2158F1E246557E0009A328A /* PagingCellLayoutAttributes.swift in Sources */ = {isa = PBXBuildFile; fileRef = E2158EEE246557E0009A328A /* PagingCellLayoutAttributes.swift */; };
		E2158F1F246557E0009A328A /* EMPageViewController.swift in Sources */ = {isa = PBXBuildFile; fileRef = E2158EEF246557E0009A328A /* EMPageViewController.swift */; };
		E2158F20246557E0009A328A /* PagingIndicatorLayoutAttributes.swift in Sources */ = {isa = PBXBuildFile; fileRef = E2158EF0246557E0009A328A /* PagingIndicatorLayoutAttributes.swift */; };
		E2158F21246557E0009A328A /* PagingCell.swift in Sources */ = {isa = PBXBuildFile; fileRef = E2158EF1246557E0009A328A /* PagingCell.swift */; };
		E2158F22246557E0009A328A /* PagingInvalidationContext.swift in Sources */ = {isa = PBXBuildFile; fileRef = E2158EF2246557E0009A328A /* PagingInvalidationContext.swift */; };
		E2158F23246557E0009A328A /* PagingSizeCache.swift in Sources */ = {isa = PBXBuildFile; fileRef = E2158EF3246557E0009A328A /* PagingSizeCache.swift */; };
		E2158F24246557E0009A328A /* PagingCollectionViewLayout.swift in Sources */ = {isa = PBXBuildFile; fileRef = E2158EF4246557E0009A328A /* PagingCollectionViewLayout.swift */; };
		E2158F25246557E0009A328A /* FixedPagingViewController.swift in Sources */ = {isa = PBXBuildFile; fileRef = E2158EF5246557E0009A328A /* FixedPagingViewController.swift */; };
		E2158F26246557E0009A328A /* PagingStateMachine.swift in Sources */ = {isa = PBXBuildFile; fileRef = E2158EF6246557E0009A328A /* PagingStateMachine.swift */; };
		E2158F27246557E0009A328A /* PagingBorderView.swift in Sources */ = {isa = PBXBuildFile; fileRef = E2158EF7246557E0009A328A /* PagingBorderView.swift */; };
		E2158F28246557E0009A328A /* IndexedPagingDataSource.swift in Sources */ = {isa = PBXBuildFile; fileRef = E2158EF8246557E0009A328A /* IndexedPagingDataSource.swift */; };
		E2158F29246557E0009A328A /* PagingOptions.swift in Sources */ = {isa = PBXBuildFile; fileRef = E2158EF9246557E0009A328A /* PagingOptions.swift */; };
		E2158F2A246557E0009A328A /* PagingBorderLayoutAttributes.swift in Sources */ = {isa = PBXBuildFile; fileRef = E2158EFA246557E0009A328A /* PagingBorderLayoutAttributes.swift */; };
		E2158F2C24655846009A328A /* VideoCollectionController.swift in Sources */ = {isa = PBXBuildFile; fileRef = E2158F2B24655846009A328A /* VideoCollectionController.swift */; };
		E2994F202463DCFE00B7918C /* AppDelegate.swift in Sources */ = {isa = PBXBuildFile; fileRef = E2994F1F2463DCFE00B7918C /* AppDelegate.swift */; };
		E2994F222463DCFE00B7918C /* SceneDelegate.swift in Sources */ = {isa = PBXBuildFile; fileRef = E2994F212463DCFE00B7918C /* SceneDelegate.swift */; };
		E2994F242463DCFE00B7918C /* ViewController.swift in Sources */ = {isa = PBXBuildFile; fileRef = E2994F232463DCFE00B7918C /* ViewController.swift */; };
		E2994F272463DCFE00B7918C /* Main.storyboard in Resources */ = {isa = PBXBuildFile; fileRef = E2994F252463DCFE00B7918C /* Main.storyboard */; };
		E2994F292463DD0200B7918C /* Assets.xcassets in Resources */ = {isa = PBXBuildFile; fileRef = E2994F282463DD0200B7918C /* Assets.xcassets */; };
		E2994F2C2463DD0200B7918C /* LaunchScreen.storyboard in Resources */ = {isa = PBXBuildFile; fileRef = E2994F2A2463DD0200B7918C /* LaunchScreen.storyboard */; };
		E2994F342463DD9D00B7918C /* Ex.swift in Sources */ = {isa = PBXBuildFile; fileRef = E2994F332463DD9D00B7918C /* Ex.swift */; };
		E2994F362463DF4300B7918C /* HomeCells.swift in Sources */ = {isa = PBXBuildFile; fileRef = E2994F352463DF4300B7918C /* HomeCells.swift */; };
/* End PBXBuildFile section */

/* Begin PBXContainerItemProxy section */
		E2158EBD246557B0009A328A /* PBXContainerItemProxy */ = {
			isa = PBXContainerItemProxy;
			containerPortal = E2994F142463DCFE00B7918C /* Project object */;
			proxyType = 1;
			remoteGlobalIDString = E2158EB7246557B0009A328A;
			remoteInfo = Parchment;
		};
/* End PBXContainerItemProxy section */

/* Begin PBXCopyFilesBuildPhase section */
		E2158EC4246557B0009A328A /* Embed Frameworks */ = {
			isa = PBXCopyFilesBuildPhase;
			buildActionMask = 2147483647;
			dstPath = "";
			dstSubfolderSpec = 10;
			files = (
				E2158EC0246557B0009A328A /* Parchment.framework in Embed Frameworks */,
			);
			name = "Embed Frameworks";
			runOnlyForDeploymentPostprocessing = 0;
		};
/* End PBXCopyFilesBuildPhase section */

/* Begin PBXFileReference section */
		48644D098039F70674C84C66 /* Pods-Home.release.xcconfig */ = {isa = PBXFileReference; includeInIndex = 1; lastKnownFileType = text.xcconfig; name = "Pods-Home.release.xcconfig"; path = "Target Support Files/Pods-Home/Pods-Home.release.xcconfig"; sourceTree = "<group>"; };
		7423ABA39F0A18FECB20F43F /* Pods-Home.debug.xcconfig */ = {isa = PBXFileReference; includeInIndex = 1; lastKnownFileType = text.xcconfig; name = "Pods-Home.debug.xcconfig"; path = "Target Support Files/Pods-Home/Pods-Home.debug.xcconfig"; sourceTree = "<group>"; };
		8B87B68E543F9AD60D91B7AE /* Pods_Home.framework */ = {isa = PBXFileReference; explicitFileType = wrapper.framework; includeInIndex = 0; path = Pods_Home.framework; sourceTree = BUILT_PRODUCTS_DIR; };
		E2158EB1246556AE009A328A /* HomeViewController.swift */ = {isa = PBXFileReference; lastKnownFileType = sourcecode.swift; path = HomeViewController.swift; sourceTree = "<group>"; };
		E2158EB8246557B0009A328A /* Parchment.framework */ = {isa = PBXFileReference; explicitFileType = wrapper.framework; includeInIndex = 0; path = Parchment.framework; sourceTree = BUILT_PRODUCTS_DIR; };
		E2158EBA246557B0009A328A /* Parchment.h */ = {isa = PBXFileReference; lastKnownFileType = sourcecode.c.h; path = Parchment.h; sourceTree = "<group>"; };
		E2158EBB246557B0009A328A /* Info.plist */ = {isa = PBXFileReference; lastKnownFileType = text.plist.xml; path = Info.plist; sourceTree = "<group>"; };
		E2158EC6246557DF009A328A /* PagingMenuInteraction.swift */ = {isa = PBXFileReference; fileEncoding = 4; lastKnownFileType = sourcecode.swift; path = PagingMenuInteraction.swift; sourceTree = "<group>"; };
		E2158EC7246557DF009A328A /* PagingMenuItemSize.swift */ = {isa = PBXFileReference; fileEncoding = 4; lastKnownFileType = sourcecode.swift; path = PagingMenuItemSize.swift; sourceTree = "<group>"; };
		E2158EC8246557DF009A328A /* PagingSelectedScrollPosition.swift */ = {isa = PBXFileReference; fileEncoding = 4; lastKnownFileType = sourcecode.swift; path = PagingSelectedScrollPosition.swift; sourceTree = "<group>"; };
		E2158EC9246557DF009A328A /* InvalidationState.swift */ = {isa = PBXFileReference; fileEncoding = 4; lastKnownFileType = sourcecode.swift; path = InvalidationState.swift; sourceTree = "<group>"; };
		E2158ECA246557DF009A328A /* PagingMenuTransition.swift */ = {isa = PBXFileReference; fileEncoding = 4; lastKnownFileType = sourcecode.swift; path = PagingMenuTransition.swift; sourceTree = "<group>"; };
		E2158ECB246557DF009A328A /* PagingContentInteraction.swift */ = {isa = PBXFileReference; fileEncoding = 4; lastKnownFileType = sourcecode.swift; path = PagingContentInteraction.swift; sourceTree = "<group>"; };
		E2158ECC246557DF009A328A /* PagingMenuHorizontalAlignment.swift */ = {isa = PBXFileReference; fileEncoding = 4; lastKnownFileType = sourcecode.swift; path = PagingMenuHorizontalAlignment.swift; sourceTree = "<group>"; };
		E2158ECD246557DF009A328A /* PagingIndicatorOptions.swift */ = {isa = PBXFileReference; fileEncoding = 4; lastKnownFileType = sourcecode.swift; path = PagingIndicatorOptions.swift; sourceTree = "<group>"; };
		E2158ECE246557DF009A328A /* PagingEvent.swift */ = {isa = PBXFileReference; fileEncoding = 4; lastKnownFileType = sourcecode.swift; path = PagingEvent.swift; sourceTree = "<group>"; };
		E2158ECF246557DF009A328A /* PagingDirection.swift */ = {isa = PBXFileReference; fileEncoding = 4; lastKnownFileType = sourcecode.swift; path = PagingDirection.swift; sourceTree = "<group>"; };
		E2158ED0246557DF009A328A /* PagingBorderOptions.swift */ = {isa = PBXFileReference; fileEncoding = 4; lastKnownFileType = sourcecode.swift; path = PagingBorderOptions.swift; sourceTree = "<group>"; };
		E2158ED1246557DF009A328A /* PagingState.swift */ = {isa = PBXFileReference; fileEncoding = 4; lastKnownFileType = sourcecode.swift; path = PagingState.swift; sourceTree = "<group>"; };
		E2158ED2246557DF009A328A /* PagingMenuItemSource.swift */ = {isa = PBXFileReference; fileEncoding = 4; lastKnownFileType = sourcecode.swift; path = PagingMenuItemSource.swift; sourceTree = "<group>"; };
		E2158ED4246557DF009A328A /* PagingViewControllerInfiniteDataSource.swift */ = {isa = PBXFileReference; fileEncoding = 4; lastKnownFileType = sourcecode.swift; path = PagingViewControllerInfiniteDataSource.swift; sourceTree = "<group>"; };
		E2158ED5246557DF009A328A /* Tween.swift */ = {isa = PBXFileReference; fileEncoding = 4; lastKnownFileType = sourcecode.swift; path = Tween.swift; sourceTree = "<group>"; };
		E2158ED6246557DF009A328A /* PagingItem.swift */ = {isa = PBXFileReference; fileEncoding = 4; lastKnownFileType = sourcecode.swift; path = PagingItem.swift; sourceTree = "<group>"; };
		E2158ED7246557DF009A328A /* PagingViewControllerDelegate.swift */ = {isa = PBXFileReference; fileEncoding = 4; lastKnownFileType = sourcecode.swift; path = PagingViewControllerDelegate.swift; sourceTree = "<group>"; };
		E2158ED8246557DF009A328A /* PagingViewControllerDataSource.swift */ = {isa = PBXFileReference; fileEncoding = 4; lastKnownFileType = sourcecode.swift; path = PagingViewControllerDataSource.swift; sourceTree = "<group>"; };
		E2158ED9246557DF009A328A /* PagingLayout.swift */ = {isa = PBXFileReference; fileEncoding = 4; lastKnownFileType = sourcecode.swift; path = PagingLayout.swift; sourceTree = "<group>"; };
		E2158EDB246557DF009A328A /* PagingDistance.swift */ = {isa = PBXFileReference; fileEncoding = 4; lastKnownFileType = sourcecode.swift; path = PagingDistance.swift; sourceTree = "<group>"; };
		E2158EDC246557DF009A328A /* IndexedPagingItem.swift */ = {isa = PBXFileReference; fileEncoding = 4; lastKnownFileType = sourcecode.swift; path = IndexedPagingItem.swift; sourceTree = "<group>"; };
		E2158EDD246557DF009A328A /* PagingIndicatorMetric.swift */ = {isa = PBXFileReference; fileEncoding = 4; lastKnownFileType = sourcecode.swift; path = PagingIndicatorMetric.swift; sourceTree = "<group>"; };
		E2158EDE246557DF009A328A /* PagingDiff.swift */ = {isa = PBXFileReference; fileEncoding = 4; lastKnownFileType = sourcecode.swift; path = PagingDiff.swift; sourceTree = "<group>"; };
		E2158EDF246557DF009A328A /* PagingItems.swift */ = {isa = PBXFileReference; fileEncoding = 4; lastKnownFileType = sourcecode.swift; path = PagingItems.swift; sourceTree = "<group>"; };
		E2158EE0246557DF009A328A /* PagingCellViewModel.swift */ = {isa = PBXFileReference; fileEncoding = 4; lastKnownFileType = sourcecode.swift; path = PagingCellViewModel.swift; sourceTree = "<group>"; };
		E2158EE1246557DF009A328A /* PagingTransition.swift */ = {isa = PBXFileReference; fileEncoding = 4; lastKnownFileType = sourcecode.swift; path = PagingTransition.swift; sourceTree = "<group>"; };
		E2158EE3246557E0009A328A /* UIScrollView+near.swift */ = {isa = PBXFileReference; fileEncoding = 4; lastKnownFileType = sourcecode.swift; path = "UIScrollView+near.swift"; sourceTree = "<group>"; };
		E2158EE4246557E0009A328A /* UIColor+interpolation.swift */ = {isa = PBXFileReference; fileEncoding = 4; lastKnownFileType = sourcecode.swift; path = "UIColor+interpolation.swift"; sourceTree = "<group>"; };
		E2158EE5246557E0009A328A /* UIView+constraints.swift */ = {isa = PBXFileReference; fileEncoding = 4; lastKnownFileType = sourcecode.swift; path = "UIView+constraints.swift"; sourceTree = "<group>"; };
		E2158EE6246557E0009A328A /* UIEdgeInsets.swift */ = {isa = PBXFileReference; fileEncoding = 4; lastKnownFileType = sourcecode.swift; path = UIEdgeInsets.swift; sourceTree = "<group>"; };
		E2158EEA246557E0009A328A /* PagingViewController.swift */ = {isa = PBXFileReference; fileEncoding = 4; lastKnownFileType = sourcecode.swift; path = PagingViewController.swift; sourceTree = "<group>"; };
		E2158EEB246557E0009A328A /* PagingTitleCell.swift */ = {isa = PBXFileReference; fileEncoding = 4; lastKnownFileType = sourcecode.swift; path = PagingTitleCell.swift; sourceTree = "<group>"; };
		E2158EEC246557E0009A328A /* PagingIndicatorView.swift */ = {isa = PBXFileReference; fileEncoding = 4; lastKnownFileType = sourcecode.swift; path = PagingIndicatorView.swift; sourceTree = "<group>"; };
		E2158EED246557E0009A328A /* PagingView.swift */ = {isa = PBXFileReference; fileEncoding = 4; lastKnownFileType = sourcecode.swift; path = PagingView.swift; sourceTree = "<group>"; };
		E2158EEE246557E0009A328A /* PagingCellLayoutAttributes.swift */ = {isa = PBXFileReference; fileEncoding = 4; lastKnownFileType = sourcecode.swift; path = PagingCellLayoutAttributes.swift; sourceTree = "<group>"; };
		E2158EEF246557E0009A328A /* EMPageViewController.swift */ = {isa = PBXFileReference; fileEncoding = 4; lastKnownFileType = sourcecode.swift; path = EMPageViewController.swift; sourceTree = "<group>"; };
		E2158EF0246557E0009A328A /* PagingIndicatorLayoutAttributes.swift */ = {isa = PBXFileReference; fileEncoding = 4; lastKnownFileType = sourcecode.swift; path = PagingIndicatorLayoutAttributes.swift; sourceTree = "<group>"; };
		E2158EF1246557E0009A328A /* PagingCell.swift */ = {isa = PBXFileReference; fileEncoding = 4; lastKnownFileType = sourcecode.swift; path = PagingCell.swift; sourceTree = "<group>"; };
		E2158EF2246557E0009A328A /* PagingInvalidationContext.swift */ = {isa = PBXFileReference; fileEncoding = 4; lastKnownFileType = sourcecode.swift; path = PagingInvalidationContext.swift; sourceTree = "<group>"; };
		E2158EF3246557E0009A328A /* PagingSizeCache.swift */ = {isa = PBXFileReference; fileEncoding = 4; lastKnownFileType = sourcecode.swift; path = PagingSizeCache.swift; sourceTree = "<group>"; };
		E2158EF4246557E0009A328A /* PagingCollectionViewLayout.swift */ = {isa = PBXFileReference; fileEncoding = 4; lastKnownFileType = sourcecode.swift; path = PagingCollectionViewLayout.swift; sourceTree = "<group>"; };
		E2158EF5246557E0009A328A /* FixedPagingViewController.swift */ = {isa = PBXFileReference; fileEncoding = 4; lastKnownFileType = sourcecode.swift; path = FixedPagingViewController.swift; sourceTree = "<group>"; };
		E2158EF6246557E0009A328A /* PagingStateMachine.swift */ = {isa = PBXFileReference; fileEncoding = 4; lastKnownFileType = sourcecode.swift; path = PagingStateMachine.swift; sourceTree = "<group>"; };
		E2158EF7246557E0009A328A /* PagingBorderView.swift */ = {isa = PBXFileReference; fileEncoding = 4; lastKnownFileType = sourcecode.swift; path = PagingBorderView.swift; sourceTree = "<group>"; };
		E2158EF8246557E0009A328A /* IndexedPagingDataSource.swift */ = {isa = PBXFileReference; fileEncoding = 4; lastKnownFileType = sourcecode.swift; path = IndexedPagingDataSource.swift; sourceTree = "<group>"; };
		E2158EF9246557E0009A328A /* PagingOptions.swift */ = {isa = PBXFileReference; fileEncoding = 4; lastKnownFileType = sourcecode.swift; path = PagingOptions.swift; sourceTree = "<group>"; };
		E2158EFA246557E0009A328A /* PagingBorderLayoutAttributes.swift */ = {isa = PBXFileReference; fileEncoding = 4; lastKnownFileType = sourcecode.swift; path = PagingBorderLayoutAttributes.swift; sourceTree = "<group>"; };
		E2158F2B24655846009A328A /* VideoCollectionController.swift */ = {isa = PBXFileReference; lastKnownFileType = sourcecode.swift; path = VideoCollectionController.swift; sourceTree = "<group>"; };
		E2994F1C2463DCFE00B7918C /* Home.app */ = {isa = PBXFileReference; explicitFileType = wrapper.application; includeInIndex = 0; path = Home.app; sourceTree = BUILT_PRODUCTS_DIR; };
		E2994F1F2463DCFE00B7918C /* AppDelegate.swift */ = {isa = PBXFileReference; lastKnownFileType = sourcecode.swift; path = AppDelegate.swift; sourceTree = "<group>"; };
		E2994F212463DCFE00B7918C /* SceneDelegate.swift */ = {isa = PBXFileReference; lastKnownFileType = sourcecode.swift; path = SceneDelegate.swift; sourceTree = "<group>"; };
		E2994F232463DCFE00B7918C /* ViewController.swift */ = {isa = PBXFileReference; lastKnownFileType = sourcecode.swift; path = ViewController.swift; sourceTree = "<group>"; };
		E2994F262463DCFE00B7918C /* Base */ = {isa = PBXFileReference; lastKnownFileType = file.storyboard; name = Base; path = Base.lproj/Main.storyboard; sourceTree = "<group>"; };
		E2994F282463DD0200B7918C /* Assets.xcassets */ = {isa = PBXFileReference; lastKnownFileType = folder.assetcatalog; path = Assets.xcassets; sourceTree = "<group>"; };
		E2994F2B2463DD0200B7918C /* Base */ = {isa = PBXFileReference; lastKnownFileType = file.storyboard; name = Base; path = Base.lproj/LaunchScreen.storyboard; sourceTree = "<group>"; };
		E2994F2D2463DD0200B7918C /* Info.plist */ = {isa = PBXFileReference; lastKnownFileType = text.plist.xml; path = Info.plist; sourceTree = "<group>"; };
		E2994F332463DD9D00B7918C /* Ex.swift */ = {isa = PBXFileReference; lastKnownFileType = sourcecode.swift; path = Ex.swift; sourceTree = "<group>"; };
		E2994F352463DF4300B7918C /* HomeCells.swift */ = {isa = PBXFileReference; lastKnownFileType = sourcecode.swift; path = HomeCells.swift; sourceTree = "<group>"; };
/* End PBXFileReference section */

/* Begin PBXFrameworksBuildPhase section */
		E2158EB5246557B0009A328A /* Frameworks */ = {
			isa = PBXFrameworksBuildPhase;
			buildActionMask = 2147483647;
			files = (
			);
			runOnlyForDeploymentPostprocessing = 0;
		};
		E2994F192463DCFE00B7918C /* Frameworks */ = {
			isa = PBXFrameworksBuildPhase;
			buildActionMask = 2147483647;
			files = (
				BDBDE62649A5283E18B2750E /* Pods_Home.framework in Frameworks */,
				E2158EBF246557B0009A328A /* Parchment.framework in Frameworks */,
			);
			runOnlyForDeploymentPostprocessing = 0;
		};
/* End PBXFrameworksBuildPhase section */

/* Begin PBXGroup section */
		52CE36CB3E96653943798964 /* Pods */ = {
			isa = PBXGroup;
			children = (
				7423ABA39F0A18FECB20F43F /* Pods-Home.debug.xcconfig */,
				48644D098039F70674C84C66 /* Pods-Home.release.xcconfig */,
			);
			path = Pods;
			sourceTree = "<group>";
		};
		6687B0705B3055F62AADCA0A /* Frameworks */ = {
			isa = PBXGroup;
			children = (
				8B87B68E543F9AD60D91B7AE /* Pods_Home.framework */,
			);
			name = Frameworks;
			sourceTree = "<group>";
		};
		E2158EB9246557B0009A328A /* Parchment */ = {
			isa = PBXGroup;
			children = (
				E2158EBA246557B0009A328A /* Parchment.h */,
				E2158EE9246557E0009A328A /* Classes */,
				E2158EC5246557DF009A328A /* Enums */,
				E2158EE2246557DF009A328A /* Extensions */,
				E2158ED3246557DF009A328A /* Protocols */,
				E2158EE7246557E0009A328A /* Resources */,
				E2158EDA246557DF009A328A /* Structs */,
				E2158EBB246557B0009A328A /* Info.plist */,
			);
			path = Parchment;
			sourceTree = "<group>";
		};
		E2158EC5246557DF009A328A /* Enums */ = {
			isa = PBXGroup;
			children = (
				E2158EC6246557DF009A328A /* PagingMenuInteraction.swift */,
				E2158EC7246557DF009A328A /* PagingMenuItemSize.swift */,
				E2158EC8246557DF009A328A /* PagingSelectedScrollPosition.swift */,
				E2158EC9246557DF009A328A /* InvalidationState.swift */,
				E2158ECA246557DF009A328A /* PagingMenuTransition.swift */,
				E2158ECB246557DF009A328A /* PagingContentInteraction.swift */,
				E2158ECC246557DF009A328A /* PagingMenuHorizontalAlignment.swift */,
				E2158ECD246557DF009A328A /* PagingIndicatorOptions.swift */,
				E2158ECE246557DF009A328A /* PagingEvent.swift */,
				E2158ECF246557DF009A328A /* PagingDirection.swift */,
				E2158ED0246557DF009A328A /* PagingBorderOptions.swift */,
				E2158ED1246557DF009A328A /* PagingState.swift */,
				E2158ED2246557DF009A328A /* PagingMenuItemSource.swift */,
			);
			path = Enums;
			sourceTree = "<group>";
		};
		E2158ED3246557DF009A328A /* Protocols */ = {
			isa = PBXGroup;
			children = (
				E2158ED4246557DF009A328A /* PagingViewControllerInfiniteDataSource.swift */,
				E2158ED5246557DF009A328A /* Tween.swift */,
				E2158ED6246557DF009A328A /* PagingItem.swift */,
				E2158ED7246557DF009A328A /* PagingViewControllerDelegate.swift */,
				E2158ED8246557DF009A328A /* PagingViewControllerDataSource.swift */,
				E2158ED9246557DF009A328A /* PagingLayout.swift */,
			);
			path = Protocols;
			sourceTree = "<group>";
		};
		E2158EDA246557DF009A328A /* Structs */ = {
			isa = PBXGroup;
			children = (
				E2158EDB246557DF009A328A /* PagingDistance.swift */,
				E2158EDC246557DF009A328A /* IndexedPagingItem.swift */,
				E2158EDD246557DF009A328A /* PagingIndicatorMetric.swift */,
				E2158EDE246557DF009A328A /* PagingDiff.swift */,
				E2158EDF246557DF009A328A /* PagingItems.swift */,
				E2158EE0246557DF009A328A /* PagingCellViewModel.swift */,
				E2158EE1246557DF009A328A /* PagingTransition.swift */,
			);
			path = Structs;
			sourceTree = "<group>";
		};
		E2158EE2246557DF009A328A /* Extensions */ = {
			isa = PBXGroup;
			children = (
				E2158EE3246557E0009A328A /* UIScrollView+near.swift */,
				E2158EE4246557E0009A328A /* UIColor+interpolation.swift */,
				E2158EE5246557E0009A328A /* UIView+constraints.swift */,
				E2158EE6246557E0009A328A /* UIEdgeInsets.swift */,
			);
			path = Extensions;
			sourceTree = "<group>";
		};
		E2158EE7246557E0009A328A /* Resources */ = {
			isa = PBXGroup;
			children = (
			);
			path = Resources;
			sourceTree = "<group>";
		};
		E2158EE9246557E0009A328A /* Classes */ = {
			isa = PBXGroup;
			children = (
				E2158EEA246557E0009A328A /* PagingViewController.swift */,
				E2158EEB246557E0009A328A /* PagingTitleCell.swift */,
				E2158EEC246557E0009A328A /* PagingIndicatorView.swift */,
				E2158EED246557E0009A328A /* PagingView.swift */,
				E2158EEE246557E0009A328A /* PagingCellLayoutAttributes.swift */,
				E2158EEF246557E0009A328A /* EMPageViewController.swift */,
				E2158EF0246557E0009A328A /* PagingIndicatorLayoutAttributes.swift */,
				E2158EF1246557E0009A328A /* PagingCell.swift */,
				E2158EF2246557E0009A328A /* PagingInvalidationContext.swift */,
				E2158EF3246557E0009A328A /* PagingSizeCache.swift */,
				E2158EF4246557E0009A328A /* PagingCollectionViewLayout.swift */,
				E2158EF5246557E0009A328A /* FixedPagingViewController.swift */,
				E2158EF6246557E0009A328A /* PagingStateMachine.swift */,
				E2158EF7246557E0009A328A /* PagingBorderView.swift */,
				E2158EF8246557E0009A328A /* IndexedPagingDataSource.swift */,
				E2158EF9246557E0009A328A /* PagingOptions.swift */,
				E2158EFA246557E0009A328A /* PagingBorderLayoutAttributes.swift */,
			);
			path = Classes;
			sourceTree = "<group>";
		};
		E2994F132463DCFE00B7918C = {
			isa = PBXGroup;
			children = (
				E2994F1E2463DCFE00B7918C /* Home */,
				E2158EB9246557B0009A328A /* Parchment */,
				E2994F1D2463DCFE00B7918C /* Products */,
				52CE36CB3E96653943798964 /* Pods */,
				6687B0705B3055F62AADCA0A /* Frameworks */,
			);
			sourceTree = "<group>";
		};
		E2994F1D2463DCFE00B7918C /* Products */ = {
			isa = PBXGroup;
			children = (
				E2994F1C2463DCFE00B7918C /* Home.app */,
				E2158EB8246557B0009A328A /* Parchment.framework */,
			);
			name = Products;
			sourceTree = "<group>";
		};
		E2994F1E2463DCFE00B7918C /* Home */ = {
			isa = PBXGroup;
			children = (
				E2994F1F2463DCFE00B7918C /* AppDelegate.swift */,
				E2994F212463DCFE00B7918C /* SceneDelegate.swift */,
				E2994F232463DCFE00B7918C /* ViewController.swift */,
				E2994F352463DF4300B7918C /* HomeCells.swift */,
				E2994F332463DD9D00B7918C /* Ex.swift */,
				E2158EB1246556AE009A328A /* HomeViewController.swift */,
				E2158F2B24655846009A328A /* VideoCollectionController.swift */,
				E2994F252463DCFE00B7918C /* Main.storyboard */,
				E2994F282463DD0200B7918C /* Assets.xcassets */,
				E2994F2A2463DD0200B7918C /* LaunchScreen.storyboard */,
				E2994F2D2463DD0200B7918C /* Info.plist */,
			);
			path = Home;
			sourceTree = "<group>";
		};
/* End PBXGroup section */

/* Begin PBXHeadersBuildPhase section */
		E2158EB3246557B0009A328A /* Headers */ = {
			isa = PBXHeadersBuildPhase;
			buildActionMask = 2147483647;
			files = (
				E2158EBC246557B0009A328A /* Parchment.h in Headers */,
			);
			runOnlyForDeploymentPostprocessing = 0;
		};
/* End PBXHeadersBuildPhase section */

/* Begin PBXNativeTarget section */
		E2158EB7246557B0009A328A /* Parchment */ = {
			isa = PBXNativeTarget;
			buildConfigurationList = E2158EC1246557B0009A328A /* Build configuration list for PBXNativeTarget "Parchment" */;
			buildPhases = (
				E2158EB3246557B0009A328A /* Headers */,
				E2158EB4246557B0009A328A /* Sources */,
				E2158EB5246557B0009A328A /* Frameworks */,
				E2158EB6246557B0009A328A /* Resources */,
			);
			buildRules = (
			);
			dependencies = (
			);
			name = Parchment;
			productName = Parchment;
			productReference = E2158EB8246557B0009A328A /* Parchment.framework */;
			productType = "com.apple.product-type.framework";
		};
		E2994F1B2463DCFE00B7918C /* Home */ = {
			isa = PBXNativeTarget;
			buildConfigurationList = E2994F302463DD0200B7918C /* Build configuration list for PBXNativeTarget "Home" */;
			buildPhases = (
				7891156631504E075D9565D4 /* [CP] Check Pods Manifest.lock */,
				E2994F182463DCFE00B7918C /* Sources */,
				E2994F192463DCFE00B7918C /* Frameworks */,
				E2994F1A2463DCFE00B7918C /* Resources */,
				46710FCCA7A22CFD2CF98491 /* [CP] Embed Pods Frameworks */,
				E2158EC4246557B0009A328A /* Embed Frameworks */,
			);
			buildRules = (
			);
			dependencies = (
				E2158EBE246557B0009A328A /* PBXTargetDependency */,
			);
			name = Home;
			productName = Home;
			productReference = E2994F1C2463DCFE00B7918C /* Home.app */;
			productType = "com.apple.product-type.application";
		};
/* End PBXNativeTarget section */

/* Begin PBXProject section */
		E2994F142463DCFE00B7918C /* Project object */ = {
			isa = PBXProject;
			attributes = {
				LastSwiftUpdateCheck = 1140;
				LastUpgradeCheck = 1140;
				ORGANIZATIONNAME = ly;
				TargetAttributes = {
					E2158EB7246557B0009A328A = {
						CreatedOnToolsVersion = 11.4.1;
					};
					E2994F1B2463DCFE00B7918C = {
						CreatedOnToolsVersion = 11.4.1;
					};
				};
			};
			buildConfigurationList = E2994F172463DCFE00B7918C /* Build configuration list for PBXProject "Home" */;
			compatibilityVersion = "Xcode 9.3";
			developmentRegion = en;
			hasScannedForEncodings = 0;
			knownRegions = (
				en,
				Base,
			);
			mainGroup = E2994F132463DCFE00B7918C;
			productRefGroup = E2994F1D2463DCFE00B7918C /* Products */;
			projectDirPath = "";
			projectRoot = "";
			targets = (
				E2994F1B2463DCFE00B7918C /* Home */,
				E2158EB7246557B0009A328A /* Parchment */,
			);
		};
/* End PBXProject section */

/* Begin PBXResourcesBuildPhase section */
		E2158EB6246557B0009A328A /* Resources */ = {
			isa = PBXResourcesBuildPhase;
			buildActionMask = 2147483647;
			files = (
			);
			runOnlyForDeploymentPostprocessing = 0;
		};
		E2994F1A2463DCFE00B7918C /* Resources */ = {
			isa = PBXResourcesBuildPhase;
			buildActionMask = 2147483647;
			files = (
				E2994F2C2463DD0200B7918C /* LaunchScreen.storyboard in Resources */,
				E2994F292463DD0200B7918C /* Assets.xcassets in Resources */,
				E2994F272463DCFE00B7918C /* Main.storyboard in Resources */,
			);
			runOnlyForDeploymentPostprocessing = 0;
		};
/* End PBXResourcesBuildPhase section */

/* Begin PBXShellScriptBuildPhase section */
		46710FCCA7A22CFD2CF98491 /* [CP] Embed Pods Frameworks */ = {
			isa = PBXShellScriptBuildPhase;
			buildActionMask = 2147483647;
			files = (
			);
			inputFileListPaths = (
				"${PODS_ROOT}/Target Support Files/Pods-Home/Pods-Home-frameworks-${CONFIGURATION}-input-files.xcfilelist",
			);
			name = "[CP] Embed Pods Frameworks";
			outputFileListPaths = (
				"${PODS_ROOT}/Target Support Files/Pods-Home/Pods-Home-frameworks-${CONFIGURATION}-output-files.xcfilelist",
			);
			runOnlyForDeploymentPostprocessing = 0;
			shellPath = /bin/sh;
			shellScript = "\"${PODS_ROOT}/Target Support Files/Pods-Home/Pods-Home-frameworks.sh\"\n";
			showEnvVarsInLog = 0;
		};
		7891156631504E075D9565D4 /* [CP] Check Pods Manifest.lock */ = {
			isa = PBXShellScriptBuildPhase;
			buildActionMask = 2147483647;
			files = (
			);
			inputFileListPaths = (
			);
			inputPaths = (
				"${PODS_PODFILE_DIR_PATH}/Podfile.lock",
				"${PODS_ROOT}/Manifest.lock",
			);
			name = "[CP] Check Pods Manifest.lock";
			outputFileListPaths = (
			);
			outputPaths = (
				"$(DERIVED_FILE_DIR)/Pods-Home-checkManifestLockResult.txt",
			);
			runOnlyForDeploymentPostprocessing = 0;
			shellPath = /bin/sh;
			shellScript = "diff \"${PODS_PODFILE_DIR_PATH}/Podfile.lock\" \"${PODS_ROOT}/Manifest.lock\" > /dev/null\nif [ $? != 0 ] ; then\n    # print error to STDERR\n    echo \"error: The sandbox is not in sync with the Podfile.lock. Run 'pod install' or update your CocoaPods installation.\" >&2\n    exit 1\nfi\n# This output is used by Xcode 'outputs' to avoid re-running this script phase.\necho \"SUCCESS\" > \"${SCRIPT_OUTPUT_FILE_0}\"\n";
			showEnvVarsInLog = 0;
		};
/* End PBXShellScriptBuildPhase section */

/* Begin PBXSourcesBuildPhase section */
		E2158EB4246557B0009A328A /* Sources */ = {
			isa = PBXSourcesBuildPhase;
			buildActionMask = 2147483647;
			files = (
				E2158F0E246557E0009A328A /* PagingDistance.swift in Sources */,
				E2158F0A246557E0009A328A /* PagingItem.swift in Sources */,
				E2158F0C246557E0009A328A /* PagingViewControllerDataSource.swift in Sources */,
				E2158EFC246557E0009A328A /* PagingMenuItemSize.swift in Sources */,
				E2158F17246557E0009A328A /* UIView+constraints.swift in Sources */,
				E2158F09246557E0009A328A /* Tween.swift in Sources */,
				E2158F22246557E0009A328A /* PagingInvalidationContext.swift in Sources */,
				E2158F04246557E0009A328A /* PagingDirection.swift in Sources */,
				E2158F16246557E0009A328A /* UIColor+interpolation.swift in Sources */,
				E2158F1B246557E0009A328A /* PagingTitleCell.swift in Sources */,
				E2158F20246557E0009A328A /* PagingIndicatorLayoutAttributes.swift in Sources */,
				E2158F11246557E0009A328A /* PagingDiff.swift in Sources */,
				E2158F01246557E0009A328A /* PagingMenuHorizontalAlignment.swift in Sources */,
				E2158F23246557E0009A328A /* PagingSizeCache.swift in Sources */,
				E2158EFE246557E0009A328A /* InvalidationState.swift in Sources */,
				E2158F1A246557E0009A328A /* PagingViewController.swift in Sources */,
				E2158F28246557E0009A328A /* IndexedPagingDataSource.swift in Sources */,
				E2158EFB246557E0009A328A /* PagingMenuInteraction.swift in Sources */,
				E2158F21246557E0009A328A /* PagingCell.swift in Sources */,
				E2158F15246557E0009A328A /* UIScrollView+near.swift in Sources */,
				E2158F08246557E0009A328A /* PagingViewControllerInfiniteDataSource.swift in Sources */,
				E2158F27246557E0009A328A /* PagingBorderView.swift in Sources */,
				E2158EFD246557E0009A328A /* PagingSelectedScrollPosition.swift in Sources */,
				E2158F24246557E0009A328A /* PagingCollectionViewLayout.swift in Sources */,
				E2158F12246557E0009A328A /* PagingItems.swift in Sources */,
				E2158F07246557E0009A328A /* PagingMenuItemSource.swift in Sources */,
				E2158F00246557E0009A328A /* PagingContentInteraction.swift in Sources */,
				E2158F0F246557E0009A328A /* IndexedPagingItem.swift in Sources */,
				E2158F14246557E0009A328A /* PagingTransition.swift in Sources */,
				E2158F1C246557E0009A328A /* PagingIndicatorView.swift in Sources */,
				E2158F1F246557E0009A328A /* EMPageViewController.swift in Sources */,
				E2158F13246557E0009A328A /* PagingCellViewModel.swift in Sources */,
				E2158F06246557E0009A328A /* PagingState.swift in Sources */,
				E2158F05246557E0009A328A /* PagingBorderOptions.swift in Sources */,
				E2158F1D246557E0009A328A /* PagingView.swift in Sources */,
				E2158F2A246557E0009A328A /* PagingBorderLayoutAttributes.swift in Sources */,
				E2158F26246557E0009A328A /* PagingStateMachine.swift in Sources */,
				E2158F02246557E0009A328A /* PagingIndicatorOptions.swift in Sources */,
				E2158F0D246557E0009A328A /* PagingLayout.swift in Sources */,
				E2158F29246557E0009A328A /* PagingOptions.swift in Sources */,
				E2158F03246557E0009A328A /* PagingEvent.swift in Sources */,
				E2158F18246557E0009A328A /* UIEdgeInsets.swift in Sources */,
				E2158EFF246557E0009A328A /* PagingMenuTransition.swift in Sources */,
				E2158F0B246557E0009A328A /* PagingViewControllerDelegate.swift in Sources */,
				E2158F1E246557E0009A328A /* PagingCellLayoutAttributes.swift in Sources */,
				E2158F10246557E0009A328A /* PagingIndicatorMetric.swift in Sources */,
				E2158F25246557E0009A328A /* FixedPagingViewController.swift in Sources */,
			);
			runOnlyForDeploymentPostprocessing = 0;
		};
		E2994F182463DCFE00B7918C /* Sources */ = {
			isa = PBXSourcesBuildPhase;
			buildActionMask = 2147483647;
			files = (
				E2994F362463DF4300B7918C /* HomeCells.swift in Sources */,
				E2994F342463DD9D00B7918C /* Ex.swift in Sources */,
				E2994F242463DCFE00B7918C /* ViewController.swift in Sources */,
				E2994F202463DCFE00B7918C /* AppDelegate.swift in Sources */,
				E2994F222463DCFE00B7918C /* SceneDelegate.swift in Sources */,
				E2158EB2246556AE009A328A /* HomeViewController.swift in Sources */,
				E2158F2C24655846009A328A /* VideoCollectionController.swift in Sources */,
			);
			runOnlyForDeploymentPostprocessing = 0;
		};
/* End PBXSourcesBuildPhase section */

/* Begin PBXTargetDependency section */
		E2158EBE246557B0009A328A /* PBXTargetDependency */ = {
			isa = PBXTargetDependency;
			target = E2158EB7246557B0009A328A /* Parchment */;
			targetProxy = E2158EBD246557B0009A328A /* PBXContainerItemProxy */;
		};
/* End PBXTargetDependency section */

/* Begin PBXVariantGroup section */
		E2994F252463DCFE00B7918C /* Main.storyboard */ = {
			isa = PBXVariantGroup;
			children = (
				E2994F262463DCFE00B7918C /* Base */,
			);
			name = Main.storyboard;
			sourceTree = "<group>";
		};
		E2994F2A2463DD0200B7918C /* LaunchScreen.storyboard */ = {
			isa = PBXVariantGroup;
			children = (
				E2994F2B2463DD0200B7918C /* Base */,
			);
			name = LaunchScreen.storyboard;
			sourceTree = "<group>";
		};
/* End PBXVariantGroup section */

/* Begin XCBuildConfiguration section */
		E2158EC2246557B0009A328A /* Debug */ = {
			isa = XCBuildConfiguration;
			buildSettings = {
				CODE_SIGN_STYLE = Automatic;
				CURRENT_PROJECT_VERSION = 1;
				DEFINES_MODULE = YES;
				DEVELOPMENT_TEAM = 4YGH48HCL3;
				DYLIB_COMPATIBILITY_VERSION = 1;
				DYLIB_CURRENT_VERSION = 1;
				DYLIB_INSTALL_NAME_BASE = "@rpath";
				INFOPLIST_FILE = Parchment/Info.plist;
				INSTALL_PATH = "$(LOCAL_LIBRARY_DIR)/Frameworks";
				LD_RUNPATH_SEARCH_PATHS = (
					"$(inherited)",
					"@executable_path/Frameworks",
					"@loader_path/Frameworks",
				);
				PRODUCT_BUNDLE_IDENTIFIER = com.health.ly.appleSign.Parchment;
				PRODUCT_NAME = "$(TARGET_NAME:c99extidentifier)";
				SKIP_INSTALL = YES;
				SWIFT_VERSION = 5.0;
				TARGETED_DEVICE_FAMILY = "1,2";
				VERSIONING_SYSTEM = "apple-generic";
				VERSION_INFO_PREFIX = "";
			};
			name = Debug;
		};
		E2158EC3246557B0009A328A /* Release */ = {
			isa = XCBuildConfiguration;
			buildSettings = {
				CODE_SIGN_STYLE = Automatic;
				CURRENT_PROJECT_VERSION = 1;
				DEFINES_MODULE = YES;
				DEVELOPMENT_TEAM = 4YGH48HCL3;
				DYLIB_COMPATIBILITY_VERSION = 1;
				DYLIB_CURRENT_VERSION = 1;
				DYLIB_INSTALL_NAME_BASE = "@rpath";
				INFOPLIST_FILE = Parchment/Info.plist;
				INSTALL_PATH = "$(LOCAL_LIBRARY_DIR)/Frameworks";
				LD_RUNPATH_SEARCH_PATHS = (
					"$(inherited)",
					"@executable_path/Frameworks",
					"@loader_path/Frameworks",
				);
				PRODUCT_BUNDLE_IDENTIFIER = com.health.ly.appleSign.Parchment;
				PRODUCT_NAME = "$(TARGET_NAME:c99extidentifier)";
				SKIP_INSTALL = YES;
				SWIFT_VERSION = 5.0;
				TARGETED_DEVICE_FAMILY = "1,2";
				VERSIONING_SYSTEM = "apple-generic";
				VERSION_INFO_PREFIX = "";
			};
			name = Release;
		};
		E2994F2E2463DD0200B7918C /* Debug */ = {
			isa = XCBuildConfiguration;
			buildSettings = {
				ALWAYS_SEARCH_USER_PATHS = NO;
				CLANG_ANALYZER_NONNULL = YES;
				CLANG_ANALYZER_NUMBER_OBJECT_CONVERSION = YES_AGGRESSIVE;
				CLANG_CXX_LANGUAGE_STANDARD = "gnu++14";
				CLANG_CXX_LIBRARY = "libc++";
				CLANG_ENABLE_MODULES = YES;
				CLANG_ENABLE_OBJC_ARC = YES;
				CLANG_ENABLE_OBJC_WEAK = YES;
				CLANG_WARN_BLOCK_CAPTURE_AUTORELEASING = YES;
				CLANG_WARN_BOOL_CONVERSION = YES;
				CLANG_WARN_COMMA = YES;
				CLANG_WARN_CONSTANT_CONVERSION = YES;
				CLANG_WARN_DEPRECATED_OBJC_IMPLEMENTATIONS = YES;
				CLANG_WARN_DIRECT_OBJC_ISA_USAGE = YES_ERROR;
				CLANG_WARN_DOCUMENTATION_COMMENTS = YES;
				CLANG_WARN_EMPTY_BODY = YES;
				CLANG_WARN_ENUM_CONVERSION = YES;
				CLANG_WARN_INFINITE_RECURSION = YES;
				CLANG_WARN_INT_CONVERSION = YES;
				CLANG_WARN_NON_LITERAL_NULL_CONVERSION = YES;
				CLANG_WARN_OBJC_IMPLICIT_RETAIN_SELF = YES;
				CLANG_WARN_OBJC_LITERAL_CONVERSION = YES;
				CLANG_WARN_OBJC_ROOT_CLASS = YES_ERROR;
				CLANG_WARN_RANGE_LOOP_ANALYSIS = YES;
				CLANG_WARN_STRICT_PROTOTYPES = YES;
				CLANG_WARN_SUSPICIOUS_MOVE = YES;
				CLANG_WARN_UNGUARDED_AVAILABILITY = YES_AGGRESSIVE;
				CLANG_WARN_UNREACHABLE_CODE = YES;
				CLANG_WARN__DUPLICATE_METHOD_MATCH = YES;
				COPY_PHASE_STRIP = NO;
				DEBUG_INFORMATION_FORMAT = dwarf;
				ENABLE_STRICT_OBJC_MSGSEND = YES;
				ENABLE_TESTABILITY = YES;
				GCC_C_LANGUAGE_STANDARD = gnu11;
				GCC_DYNAMIC_NO_PIC = NO;
				GCC_NO_COMMON_BLOCKS = YES;
				GCC_OPTIMIZATION_LEVEL = 0;
				GCC_PREPROCESSOR_DEFINITIONS = (
					"DEBUG=1",
					"$(inherited)",
				);
				GCC_WARN_64_TO_32_BIT_CONVERSION = YES;
				GCC_WARN_ABOUT_RETURN_TYPE = YES_ERROR;
				GCC_WARN_UNDECLARED_SELECTOR = YES;
				GCC_WARN_UNINITIALIZED_AUTOS = YES_AGGRESSIVE;
				GCC_WARN_UNUSED_FUNCTION = YES;
				GCC_WARN_UNUSED_VARIABLE = YES;
				IPHONEOS_DEPLOYMENT_TARGET = 13.4;
				MTL_ENABLE_DEBUG_INFO = INCLUDE_SOURCE;
				MTL_FAST_MATH = YES;
				ONLY_ACTIVE_ARCH = YES;
				SDKROOT = iphoneos;
				SWIFT_ACTIVE_COMPILATION_CONDITIONS = DEBUG;
				SWIFT_OPTIMIZATION_LEVEL = "-Onone";
			};
			name = Debug;
		};
		E2994F2F2463DD0200B7918C /* Release */ = {
			isa = XCBuildConfiguration;
			buildSettings = {
				ALWAYS_SEARCH_USER_PATHS = NO;
				CLANG_ANALYZER_NONNULL = YES;
				CLANG_ANALYZER_NUMBER_OBJECT_CONVERSION = YES_AGGRESSIVE;
				CLANG_CXX_LANGUAGE_STANDARD = "gnu++14";
				CLANG_CXX_LIBRARY = "libc++";
				CLANG_ENABLE_MODULES = YES;
				CLANG_ENABLE_OBJC_ARC = YES;
				CLANG_ENABLE_OBJC_WEAK = YES;
				CLANG_WARN_BLOCK_CAPTURE_AUTORELEASING = YES;
				CLANG_WARN_BOOL_CONVERSION = YES;
				CLANG_WARN_COMMA = YES;
				CLANG_WARN_CONSTANT_CONVERSION = YES;
				CLANG_WARN_DEPRECATED_OBJC_IMPLEMENTATIONS = YES;
				CLANG_WARN_DIRECT_OBJC_ISA_USAGE = YES_ERROR;
				CLANG_WARN_DOCUMENTATION_COMMENTS = YES;
				CLANG_WARN_EMPTY_BODY = YES;
				CLANG_WARN_ENUM_CONVERSION = YES;
				CLANG_WARN_INFINITE_RECURSION = YES;
				CLANG_WARN_INT_CONVERSION = YES;
				CLANG_WARN_NON_LITERAL_NULL_CONVERSION = YES;
				CLANG_WARN_OBJC_IMPLICIT_RETAIN_SELF = YES;
				CLANG_WARN_OBJC_LITERAL_CONVERSION = YES;
				CLANG_WARN_OBJC_ROOT_CLASS = YES_ERROR;
				CLANG_WARN_RANGE_LOOP_ANALYSIS = YES;
				CLANG_WARN_STRICT_PROTOTYPES = YES;
				CLANG_WARN_SUSPICIOUS_MOVE = YES;
				CLANG_WARN_UNGUARDED_AVAILABILITY = YES_AGGRESSIVE;
				CLANG_WARN_UNREACHABLE_CODE = YES;
				CLANG_WARN__DUPLICATE_METHOD_MATCH = YES;
				COPY_PHASE_STRIP = NO;
				DEBUG_INFORMATION_FORMAT = "dwarf-with-dsym";
				ENABLE_NS_ASSERTIONS = NO;
				ENABLE_STRICT_OBJC_MSGSEND = YES;
				GCC_C_LANGUAGE_STANDARD = gnu11;
				GCC_NO_COMMON_BLOCKS = YES;
				GCC_WARN_64_TO_32_BIT_CONVERSION = YES;
				GCC_WARN_ABOUT_RETURN_TYPE = YES_ERROR;
				GCC_WARN_UNDECLARED_SELECTOR = YES;
				GCC_WARN_UNINITIALIZED_AUTOS = YES_AGGRESSIVE;
				GCC_WARN_UNUSED_FUNCTION = YES;
				GCC_WARN_UNUSED_VARIABLE = YES;
				IPHONEOS_DEPLOYMENT_TARGET = 13.4;
				MTL_ENABLE_DEBUG_INFO = NO;
				MTL_FAST_MATH = YES;
				SDKROOT = iphoneos;
				SWIFT_COMPILATION_MODE = wholemodule;
				SWIFT_OPTIMIZATION_LEVEL = "-O";
				VALIDATE_PRODUCT = YES;
			};
			name = Release;
		};
		E2994F312463DD0200B7918C /* Debug */ = {
			isa = XCBuildConfiguration;
			baseConfigurationReference = 7423ABA39F0A18FECB20F43F /* Pods-Home.debug.xcconfig */;
			buildSettings = {
				ALWAYS_EMBED_SWIFT_STANDARD_LIBRARIES = YES;
				ASSETCATALOG_COMPILER_APPICON_NAME = AppIcon;
				CODE_SIGN_STYLE = Automatic;
				DEVELOPMENT_TEAM = 4YGH48HCL3;
				INFOPLIST_FILE = Home/Info.plist;
				LD_RUNPATH_SEARCH_PATHS = (
					"$(inherited)",
					"@executable_path/Frameworks",
				);
				PRODUCT_BUNDLE_IDENTIFIER = com.health.ly.appleSign.Home;
				PRODUCT_NAME = "$(TARGET_NAME)";
				SWIFT_VERSION = 5.0;
				TARGETED_DEVICE_FAMILY = "1,2";
			};
			name = Debug;
		};
		E2994F322463DD0200B7918C /* Release */ = {
			isa = XCBuildConfiguration;
			baseConfigurationReference = 48644D098039F70674C84C66 /* Pods-Home.release.xcconfig */;
			buildSettings = {
				ALWAYS_EMBED_SWIFT_STANDARD_LIBRARIES = YES;
				ASSETCATALOG_COMPILER_APPICON_NAME = AppIcon;
				CODE_SIGN_STYLE = Automatic;
				DEVELOPMENT_TEAM = 4YGH48HCL3;
				INFOPLIST_FILE = Home/Info.plist;
				LD_RUNPATH_SEARCH_PATHS = (
					"$(inherited)",
					"@executable_path/Frameworks",
				);
				PRODUCT_BUNDLE_IDENTIFIER = com.health.ly.appleSign.Home;
				PRODUCT_NAME = "$(TARGET_NAME)";
				SWIFT_VERSION = 5.0;
				TARGETED_DEVICE_FAMILY = "1,2";
			};
			name = Release;
		};
/* End XCBuildConfiguration section */

/* Begin XCConfigurationList section */
		E2158EC1246557B0009A328A /* Build configuration list for PBXNativeTarget "Parchment" */ = {
			isa = XCConfigurationList;
			buildConfigurations = (
				E2158EC2246557B0009A328A /* Debug */,
				E2158EC3246557B0009A328A /* Release */,
			);
			defaultConfigurationIsVisible = 0;
			defaultConfigurationName = Release;
		};
		E2994F172463DCFE00B7918C /* Build configuration list for PBXProject "Home" */ = {
			isa = XCConfigurationList;
			buildConfigurations = (
				E2994F2E2463DD0200B7918C /* Debug */,
				E2994F2F2463DD0200B7918C /* Release */,
			);
			defaultConfigurationIsVisible = 0;
			defaultConfigurationName = Release;
		};
		E2994F302463DD0200B7918C /* Build configuration list for PBXNativeTarget "Home" */ = {
			isa = XCConfigurationList;
			buildConfigurations = (
				E2994F312463DD0200B7918C /* Debug */,
				E2994F322463DD0200B7918C /* Release */,
			);
			defaultConfigurationIsVisible = 0;
			defaultConfigurationName = Release;
		};
/* End XCConfigurationList section */
	};
	rootObject = E2994F142463DCFE00B7918C /* Project object */;
}
